// !$*UTF8*$!
{
	archiveVersion = 1;
	classes = {
	};
	objectVersion = 56;
	objects = {

/* Begin PBXBuildFile section */
		C018047E2C5D38430025BD03 /* FinanceType.swift in Sources */ = {isa = PBXBuildFile; fileRef = C018047D2C5D38420025BD03 /* FinanceType.swift */; };
		C0217D9F2C57D90F00DD15F6 /* SignUpView.swift in Sources */ = {isa = PBXBuildFile; fileRef = C0217D9E2C57D90F00DD15F6 /* SignUpView.swift */; };
		C02323342C58D45A00943FEF /* FirebaseAnalytics in Frameworks */ = {isa = PBXBuildFile; productRef = C02323332C58D45A00943FEF /* FirebaseAnalytics */; };
		C02323362C58D46600943FEF /* FirebaseAuth in Frameworks */ = {isa = PBXBuildFile; productRef = C02323352C58D46600943FEF /* FirebaseAuth */; };
		C02323382C58D46900943FEF /* FirebaseFirestore in Frameworks */ = {isa = PBXBuildFile; productRef = C02323372C58D46900943FEF /* FirebaseFirestore */; };
		C03E3E452C5A148200EC8F2A /* AuthViewModel.swift in Sources */ = {isa = PBXBuildFile; fileRef = C03E3E442C5A148200EC8F2A /* AuthViewModel.swift */; };
		C03E3E472C5A14BD00EC8F2A /* AuthCheckView.swift in Sources */ = {isa = PBXBuildFile; fileRef = C03E3E462C5A14BD00EC8F2A /* AuthCheckView.swift */; };
		C04E52812C541A2A00566111 /* CoinsView.swift in Sources */ = {isa = PBXBuildFile; fileRef = C04E52802C541A2A00566111 /* CoinsView.swift */; };
		C04E52862C541A7D00566111 /* Coin.swift in Sources */ = {isa = PBXBuildFile; fileRef = C04E52852C541A7D00566111 /* Coin.swift */; };
		C04E52892C541B0400566111 /* Alamofire in Frameworks */ = {isa = PBXBuildFile; productRef = C04E52882C541B0400566111 /* Alamofire */; };
		C04E528D2C541B3F00566111 /* CoinViewModel.swift in Sources */ = {isa = PBXBuildFile; fileRef = C04E528C2C541B3F00566111 /* CoinViewModel.swift */; };
		C04E528F2C541F7200566111 /* Double+Extension.swift in Sources */ = {isa = PBXBuildFile; fileRef = C04E528E2C541F7200566111 /* Double+Extension.swift */; };
		C04E52922C542E8700566111 /* NavigationAppearance.swift in Sources */ = {isa = PBXBuildFile; fileRef = C04E52912C542E8700566111 /* NavigationAppearance.swift */; };
		C04E52952C54311200566111 /* CoinError.swift in Sources */ = {isa = PBXBuildFile; fileRef = C04E52942C54311200566111 /* CoinError.swift */; };
		C055637A2C6BDB0700CA13AA /* NotificationManager.swift in Sources */ = {isa = PBXBuildFile; fileRef = C05563792C6BDB0700CA13AA /* NotificationManager.swift */; };
		C055637C2C6BE60000CA13AA /* FirebaseAnalytics in Frameworks */ = {isa = PBXBuildFile; productRef = C055637B2C6BE60000CA13AA /* FirebaseAnalytics */; };
		C055637E2C6BE72500CA13AA /* Reminder.swift in Sources */ = {isa = PBXBuildFile; fileRef = C055637D2C6BE72500CA13AA /* Reminder.swift */; };
		C05563812C6BEB7800CA13AA /* ReminderViewModel.swift in Sources */ = {isa = PBXBuildFile; fileRef = C05563802C6BEB7800CA13AA /* ReminderViewModel.swift */; };
		C06263512C5AA8C1001090CB /* TabItem.swift in Sources */ = {isa = PBXBuildFile; fileRef = C06263502C5AA8C1001090CB /* TabItem.swift */; };
		C081000E2C56AF0200A47939 /* SignInView.swift in Sources */ = {isa = PBXBuildFile; fileRef = C081000D2C56AF0200A47939 /* SignInView.swift */; };
		C08100102C56BD0300A47939 /* SocialLoginButton.swift in Sources */ = {isa = PBXBuildFile; fileRef = C081000F2C56BD0300A47939 /* SocialLoginButton.swift */; };
		C08100122C56BD3000A47939 /* OrView.swift in Sources */ = {isa = PBXBuildFile; fileRef = C08100112C56BD3000A47939 /* OrView.swift */; };
		C0A2EA752C4FA77900DB9A14 /* CircularProgressView.swift in Sources */ = {isa = PBXBuildFile; fileRef = C0A2EA742C4FA77900DB9A14 /* CircularProgressView.swift */; };
		C0A2EA812C4FC34900DB9A14 /* Number+Extension.swift in Sources */ = {isa = PBXBuildFile; fileRef = C0A2EA802C4FC34900DB9A14 /* Number+Extension.swift */; };
		C0A2EA832C4FC35600DB9A14 /* Date+Extension.swift in Sources */ = {isa = PBXBuildFile; fileRef = C0A2EA822C4FC35600DB9A14 /* Date+Extension.swift */; };
		C0A2EA852C4FC38900DB9A14 /* Color+Extension.swift in Sources */ = {isa = PBXBuildFile; fileRef = C0A2EA842C4FC38900DB9A14 /* Color+Extension.swift */; };
		C0A2EAAE2C4FD33500DB9A14 /* SearchBar.swift in Sources */ = {isa = PBXBuildFile; fileRef = C0A2EAAD2C4FD33500DB9A14 /* SearchBar.swift */; };
		C0A2EAB02C4FD41900DB9A14 /* String+Extension.swift in Sources */ = {isa = PBXBuildFile; fileRef = C0A2EAAF2C4FD41900DB9A14 /* String+Extension.swift */; };
		C0A441B22C6660EE00005E18 /* CoinService.swift in Sources */ = {isa = PBXBuildFile; fileRef = C0A441B12C6660EE00005E18 /* CoinService.swift */; };
		C0A441B42C66621F00005E18 /* Constants.swift in Sources */ = {isa = PBXBuildFile; fileRef = C0A441B32C66621F00005E18 /* Constants.swift */; };
		C0A81BC42C501E9B005AF972 /* CategoriesViewModel.swift in Sources */ = {isa = PBXBuildFile; fileRef = C0A81BC32C501E9B005AF972 /* CategoriesViewModel.swift */; };
		C0B08BDE2C58ED130066CE3B /* GoogleService-Info.plist in Resources */ = {isa = PBXBuildFile; fileRef = C0B08BDD2C58ED130066CE3B /* GoogleService-Info.plist */; };
		C0B08BE02C58EDB10066CE3B /* SignUpViewModel.swift in Sources */ = {isa = PBXBuildFile; fileRef = C0B08BDF2C58EDB10066CE3B /* SignUpViewModel.swift */; };
		C0B08BE22C594A220066CE3B /* SignInViewModel.swift in Sources */ = {isa = PBXBuildFile; fileRef = C0B08BE12C594A220066CE3B /* SignInViewModel.swift */; };
		C0D3B8EE2C5E985D00F5D52C /* Finance_TrackerUITests.swift in Sources */ = {isa = PBXBuildFile; fileRef = C0D3B8ED2C5E985D00F5D52C /* Finance_TrackerUITests.swift */; };
		C0D3B8F02C5E985D00F5D52C /* Finance_TrackerUITestsLaunchTests.swift in Sources */ = {isa = PBXBuildFile; fileRef = C0D3B8EF2C5E985D00F5D52C /* Finance_TrackerUITestsLaunchTests.swift */; };
		C0D9031E2C4ED80A00D9AAE4 /* Finance_TrackerApp.swift in Sources */ = {isa = PBXBuildFile; fileRef = C0D9031D2C4ED80A00D9AAE4 /* Finance_TrackerApp.swift */; };
		C0D903202C4ED80A00D9AAE4 /* TabBar.swift in Sources */ = {isa = PBXBuildFile; fileRef = C0D9031F2C4ED80A00D9AAE4 /* TabBar.swift */; };
		C0D903222C4ED80B00D9AAE4 /* Assets.xcassets in Resources */ = {isa = PBXBuildFile; fileRef = C0D903212C4ED80B00D9AAE4 /* Assets.xcassets */; };
		C0D903252C4ED80B00D9AAE4 /* Preview Assets.xcassets in Resources */ = {isa = PBXBuildFile; fileRef = C0D903242C4ED80B00D9AAE4 /* Preview Assets.xcassets */; };
		C0D9032C2C4ED95B00D9AAE4 /* Finance.swift in Sources */ = {isa = PBXBuildFile; fileRef = C0D9032B2C4ED95B00D9AAE4 /* Finance.swift */; };
		C0D9032E2C4ED9A300D9AAE4 /* Category.swift in Sources */ = {isa = PBXBuildFile; fileRef = C0D9032D2C4ED9A300D9AAE4 /* Category.swift */; };
		C0D903302C4EDBBA00D9AAE4 /* FinanceView.swift in Sources */ = {isa = PBXBuildFile; fileRef = C0D9032F2C4EDBBA00D9AAE4 /* FinanceView.swift */; };
		C0D903322C4EDC2C00D9AAE4 /* CategoriesView.swift in Sources */ = {isa = PBXBuildFile; fileRef = C0D903312C4EDC2C00D9AAE4 /* CategoriesView.swift */; };
		C0D903342C4EDE5000D9AAE4 /* GroupedFinances.swift in Sources */ = {isa = PBXBuildFile; fileRef = C0D903332C4EDE5000D9AAE4 /* GroupedFinances.swift */; };
		C0D903362C4EE0A500D9AAE4 /* AddFinanceView.swift in Sources */ = {isa = PBXBuildFile; fileRef = C0D903352C4EE0A500D9AAE4 /* AddFinanceView.swift */; };
		C0D903382C4EE97B00D9AAE4 /* FinanceCardView.swift in Sources */ = {isa = PBXBuildFile; fileRef = C0D903372C4EE97B00D9AAE4 /* FinanceCardView.swift */; };
		C0E1074A2C515BEB009AE8D1 /* AddFinanceViewModel.swift in Sources */ = {isa = PBXBuildFile; fileRef = C0E107492C515BEB009AE8D1 /* AddFinanceViewModel.swift */; };
		C0E1074C2C515F53009AE8D1 /* FinanceViewModel.swift in Sources */ = {isa = PBXBuildFile; fileRef = C0E1074B2C515F53009AE8D1 /* FinanceViewModel.swift */; };
		C0EBE7422C6BF8F400829ED0 /* ReminderView.swift in Sources */ = {isa = PBXBuildFile; fileRef = C0EBE7412C6BF8F400829ED0 /* ReminderView.swift */; };
		C0EBE7442C6BF93200829ED0 /* Lottie in Frameworks */ = {isa = PBXBuildFile; productRef = C0EBE7432C6BF93200829ED0 /* Lottie */; };
		C0EBE7472C6BFAB500829ED0 /* notfound.json in Resources */ = {isa = PBXBuildFile; fileRef = C0EBE7462C6BFAB500829ED0 /* notfound.json */; };
		C0EBE74A2C6C03E200829ED0 /* AddReminderView.swift in Sources */ = {isa = PBXBuildFile; fileRef = C0EBE7492C6C03E200829ED0 /* AddReminderView.swift */; };
/* End PBXBuildFile section */

/* Begin PBXContainerItemProxy section */
		C01383552C5EBA770008341A /* PBXContainerItemProxy */ = {
			isa = PBXContainerItemProxy;
			containerPortal = C0D903122C4ED80A00D9AAE4 /* Project object */;
			proxyType = 1;
			remoteGlobalIDString = C0D903192C4ED80A00D9AAE4;
			remoteInfo = "Finance Tracker";
		};
		C0D3B8F12C5E985D00F5D52C /* PBXContainerItemProxy */ = {
			isa = PBXContainerItemProxy;
			containerPortal = C0D903122C4ED80A00D9AAE4 /* Project object */;
			proxyType = 1;
			remoteGlobalIDString = C0D903192C4ED80A00D9AAE4;
			remoteInfo = "Finance Tracker";
		};
/* End PBXContainerItemProxy section */

/* Begin PBXFileReference section */
		C01383512C5EBA770008341A /* Finance TrackerTests.xctest */ = {isa = PBXFileReference; explicitFileType = wrapper.cfbundle; includeInIndex = 0; path = "Finance TrackerTests.xctest"; sourceTree = BUILT_PRODUCTS_DIR; };
		C018047D2C5D38420025BD03 /* FinanceType.swift */ = {isa = PBXFileReference; lastKnownFileType = sourcecode.swift; path = FinanceType.swift; sourceTree = "<group>"; };
		C0217D9E2C57D90F00DD15F6 /* SignUpView.swift */ = {isa = PBXFileReference; lastKnownFileType = sourcecode.swift; path = SignUpView.swift; sourceTree = "<group>"; };
		C03E3E442C5A148200EC8F2A /* AuthViewModel.swift */ = {isa = PBXFileReference; lastKnownFileType = sourcecode.swift; path = AuthViewModel.swift; sourceTree = "<group>"; };
		C03E3E462C5A14BD00EC8F2A /* AuthCheckView.swift */ = {isa = PBXFileReference; lastKnownFileType = sourcecode.swift; path = AuthCheckView.swift; sourceTree = "<group>"; };
		C04E52802C541A2A00566111 /* CoinsView.swift */ = {isa = PBXFileReference; lastKnownFileType = sourcecode.swift; path = CoinsView.swift; sourceTree = "<group>"; };
		C04E52852C541A7D00566111 /* Coin.swift */ = {isa = PBXFileReference; lastKnownFileType = sourcecode.swift; path = Coin.swift; sourceTree = "<group>"; };
		C04E528C2C541B3F00566111 /* CoinViewModel.swift */ = {isa = PBXFileReference; lastKnownFileType = sourcecode.swift; path = CoinViewModel.swift; sourceTree = "<group>"; };
		C04E528E2C541F7200566111 /* Double+Extension.swift */ = {isa = PBXFileReference; lastKnownFileType = sourcecode.swift; path = "Double+Extension.swift"; sourceTree = "<group>"; };
		C04E52912C542E8700566111 /* NavigationAppearance.swift */ = {isa = PBXFileReference; lastKnownFileType = sourcecode.swift; path = NavigationAppearance.swift; sourceTree = "<group>"; };
		C04E52942C54311200566111 /* CoinError.swift */ = {isa = PBXFileReference; lastKnownFileType = sourcecode.swift; path = CoinError.swift; sourceTree = "<group>"; };
		C05563792C6BDB0700CA13AA /* NotificationManager.swift */ = {isa = PBXFileReference; lastKnownFileType = sourcecode.swift; path = NotificationManager.swift; sourceTree = "<group>"; };
		C055637D2C6BE72500CA13AA /* Reminder.swift */ = {isa = PBXFileReference; lastKnownFileType = sourcecode.swift; path = Reminder.swift; sourceTree = "<group>"; };
		C05563802C6BEB7800CA13AA /* ReminderViewModel.swift */ = {isa = PBXFileReference; lastKnownFileType = sourcecode.swift; path = ReminderViewModel.swift; sourceTree = "<group>"; };
		C06263502C5AA8C1001090CB /* TabItem.swift */ = {isa = PBXFileReference; lastKnownFileType = sourcecode.swift; path = TabItem.swift; sourceTree = "<group>"; };
		C081000D2C56AF0200A47939 /* SignInView.swift */ = {isa = PBXFileReference; lastKnownFileType = sourcecode.swift; path = SignInView.swift; sourceTree = "<group>"; };
		C081000F2C56BD0300A47939 /* SocialLoginButton.swift */ = {isa = PBXFileReference; lastKnownFileType = sourcecode.swift; path = SocialLoginButton.swift; sourceTree = "<group>"; };
		C08100112C56BD3000A47939 /* OrView.swift */ = {isa = PBXFileReference; lastKnownFileType = sourcecode.swift; path = OrView.swift; sourceTree = "<group>"; };
		C0A2EA742C4FA77900DB9A14 /* CircularProgressView.swift */ = {isa = PBXFileReference; lastKnownFileType = sourcecode.swift; path = CircularProgressView.swift; sourceTree = "<group>"; };
		C0A2EA802C4FC34900DB9A14 /* Number+Extension.swift */ = {isa = PBXFileReference; lastKnownFileType = sourcecode.swift; path = "Number+Extension.swift"; sourceTree = "<group>"; };
		C0A2EA822C4FC35600DB9A14 /* Date+Extension.swift */ = {isa = PBXFileReference; lastKnownFileType = sourcecode.swift; path = "Date+Extension.swift"; sourceTree = "<group>"; };
		C0A2EA842C4FC38900DB9A14 /* Color+Extension.swift */ = {isa = PBXFileReference; lastKnownFileType = sourcecode.swift; path = "Color+Extension.swift"; sourceTree = "<group>"; };
		C0A2EAAD2C4FD33500DB9A14 /* SearchBar.swift */ = {isa = PBXFileReference; lastKnownFileType = sourcecode.swift; path = SearchBar.swift; sourceTree = "<group>"; };
		C0A2EAAF2C4FD41900DB9A14 /* String+Extension.swift */ = {isa = PBXFileReference; lastKnownFileType = sourcecode.swift; path = "String+Extension.swift"; sourceTree = "<group>"; };
		C0A441B12C6660EE00005E18 /* CoinService.swift */ = {isa = PBXFileReference; lastKnownFileType = sourcecode.swift; path = CoinService.swift; sourceTree = "<group>"; };
		C0A441B32C66621F00005E18 /* Constants.swift */ = {isa = PBXFileReference; lastKnownFileType = sourcecode.swift; path = Constants.swift; sourceTree = "<group>"; };
		C0A81BC32C501E9B005AF972 /* CategoriesViewModel.swift */ = {isa = PBXFileReference; lastKnownFileType = sourcecode.swift; path = CategoriesViewModel.swift; sourceTree = "<group>"; };
		C0B08BDD2C58ED130066CE3B /* GoogleService-Info.plist */ = {isa = PBXFileReference; fileEncoding = 4; lastKnownFileType = text.plist.xml; path = "GoogleService-Info.plist"; sourceTree = "<group>"; };
		C0B08BDF2C58EDB10066CE3B /* SignUpViewModel.swift */ = {isa = PBXFileReference; lastKnownFileType = sourcecode.swift; path = SignUpViewModel.swift; sourceTree = "<group>"; };
		C0B08BE12C594A220066CE3B /* SignInViewModel.swift */ = {isa = PBXFileReference; lastKnownFileType = sourcecode.swift; path = SignInViewModel.swift; sourceTree = "<group>"; };
		C0D3B8EB2C5E985D00F5D52C /* Finance TrackerUITests.xctest */ = {isa = PBXFileReference; explicitFileType = wrapper.cfbundle; includeInIndex = 0; path = "Finance TrackerUITests.xctest"; sourceTree = BUILT_PRODUCTS_DIR; };
		C0D3B8ED2C5E985D00F5D52C /* Finance_TrackerUITests.swift */ = {isa = PBXFileReference; lastKnownFileType = sourcecode.swift; path = Finance_TrackerUITests.swift; sourceTree = "<group>"; };
		C0D3B8EF2C5E985D00F5D52C /* Finance_TrackerUITestsLaunchTests.swift */ = {isa = PBXFileReference; lastKnownFileType = sourcecode.swift; path = Finance_TrackerUITestsLaunchTests.swift; sourceTree = "<group>"; };
		C0D9031A2C4ED80A00D9AAE4 /* Finance Tracker.app */ = {isa = PBXFileReference; explicitFileType = wrapper.application; includeInIndex = 0; path = "Finance Tracker.app"; sourceTree = BUILT_PRODUCTS_DIR; };
		C0D9031D2C4ED80A00D9AAE4 /* Finance_TrackerApp.swift */ = {isa = PBXFileReference; lastKnownFileType = sourcecode.swift; path = Finance_TrackerApp.swift; sourceTree = "<group>"; };
		C0D9031F2C4ED80A00D9AAE4 /* TabBar.swift */ = {isa = PBXFileReference; lastKnownFileType = sourcecode.swift; path = TabBar.swift; sourceTree = "<group>"; };
		C0D903212C4ED80B00D9AAE4 /* Assets.xcassets */ = {isa = PBXFileReference; lastKnownFileType = folder.assetcatalog; path = Assets.xcassets; sourceTree = "<group>"; };
		C0D903242C4ED80B00D9AAE4 /* Preview Assets.xcassets */ = {isa = PBXFileReference; lastKnownFileType = folder.assetcatalog; path = "Preview Assets.xcassets"; sourceTree = "<group>"; };
		C0D9032B2C4ED95B00D9AAE4 /* Finance.swift */ = {isa = PBXFileReference; lastKnownFileType = sourcecode.swift; path = Finance.swift; sourceTree = "<group>"; };
		C0D9032D2C4ED9A300D9AAE4 /* Category.swift */ = {isa = PBXFileReference; lastKnownFileType = sourcecode.swift; path = Category.swift; sourceTree = "<group>"; };
		C0D9032F2C4EDBBA00D9AAE4 /* FinanceView.swift */ = {isa = PBXFileReference; lastKnownFileType = sourcecode.swift; path = FinanceView.swift; sourceTree = "<group>"; };
		C0D903312C4EDC2C00D9AAE4 /* CategoriesView.swift */ = {isa = PBXFileReference; lastKnownFileType = sourcecode.swift; path = CategoriesView.swift; sourceTree = "<group>"; };
		C0D903332C4EDE5000D9AAE4 /* GroupedFinances.swift */ = {isa = PBXFileReference; lastKnownFileType = sourcecode.swift; path = GroupedFinances.swift; sourceTree = "<group>"; };
		C0D903352C4EE0A500D9AAE4 /* AddFinanceView.swift */ = {isa = PBXFileReference; lastKnownFileType = sourcecode.swift; path = AddFinanceView.swift; sourceTree = "<group>"; };
		C0D903372C4EE97B00D9AAE4 /* FinanceCardView.swift */ = {isa = PBXFileReference; lastKnownFileType = sourcecode.swift; path = FinanceCardView.swift; sourceTree = "<group>"; };
		C0E107492C515BEB009AE8D1 /* AddFinanceViewModel.swift */ = {isa = PBXFileReference; lastKnownFileType = sourcecode.swift; path = AddFinanceViewModel.swift; sourceTree = "<group>"; };
		C0E1074B2C515F53009AE8D1 /* FinanceViewModel.swift */ = {isa = PBXFileReference; lastKnownFileType = sourcecode.swift; path = FinanceViewModel.swift; sourceTree = "<group>"; };
		C0EBE7412C6BF8F400829ED0 /* ReminderView.swift */ = {isa = PBXFileReference; lastKnownFileType = sourcecode.swift; path = ReminderView.swift; sourceTree = "<group>"; };
		C0EBE7462C6BFAB500829ED0 /* notfound.json */ = {isa = PBXFileReference; fileEncoding = 4; lastKnownFileType = text.json; path = notfound.json; sourceTree = "<group>"; };
		C0EBE7492C6C03E200829ED0 /* AddReminderView.swift */ = {isa = PBXFileReference; lastKnownFileType = sourcecode.swift; path = AddReminderView.swift; sourceTree = "<group>"; };
/* End PBXFileReference section */

/* Begin PBXFrameworksBuildPhase section */
		C013834E2C5EBA770008341A /* Frameworks */ = {
			isa = PBXFrameworksBuildPhase;
			buildActionMask = 2147483647;
			files = (
				C055637C2C6BE60000CA13AA /* FirebaseAnalytics in Frameworks */,
			);
			runOnlyForDeploymentPostprocessing = 0;
		};
		C0D3B8E82C5E985D00F5D52C /* Frameworks */ = {
			isa = PBXFrameworksBuildPhase;
			buildActionMask = 2147483647;
			files = (
			);
			runOnlyForDeploymentPostprocessing = 0;
		};
		C0D903172C4ED80A00D9AAE4 /* Frameworks */ = {
			isa = PBXFrameworksBuildPhase;
			buildActionMask = 2147483647;
			files = (
				C0EBE7442C6BF93200829ED0 /* Lottie in Frameworks */,
				C02323342C58D45A00943FEF /* FirebaseAnalytics in Frameworks */,
				C02323382C58D46900943FEF /* FirebaseFirestore in Frameworks */,
				C02323362C58D46600943FEF /* FirebaseAuth in Frameworks */,
				C04E52892C541B0400566111 /* Alamofire in Frameworks */,
			);
			runOnlyForDeploymentPostprocessing = 0;
		};
/* End PBXFrameworksBuildPhase section */

/* Begin PBXGroup section */
		C02323322C58D45A00943FEF /* Frameworks */ = {
			isa = PBXGroup;
			children = (
			);
			name = Frameworks;
			sourceTree = "<group>";
		};
		C027F28B2C4F86FF004E539E /* Views */ = {
			isa = PBXGroup;
			children = (
				C0D903352C4EE0A500D9AAE4 /* AddFinanceView.swift */,
				C0D903312C4EDC2C00D9AAE4 /* CategoriesView.swift */,
				C0D9032F2C4EDBBA00D9AAE4 /* FinanceView.swift */,
				C04E52802C541A2A00566111 /* CoinsView.swift */,
				C081000D2C56AF0200A47939 /* SignInView.swift */,
				C0217D9E2C57D90F00DD15F6 /* SignUpView.swift */,
				C03E3E462C5A14BD00EC8F2A /* AuthCheckView.swift */,
				C0EBE7412C6BF8F400829ED0 /* ReminderView.swift */,
				C0EBE7492C6C03E200829ED0 /* AddReminderView.swift */,
			);
			path = Views;
			sourceTree = "<group>";
		};
		C027F28D2C4F8711004E539E /* Models */ = {
			isa = PBXGroup;
			children = (
				C0D903332C4EDE5000D9AAE4 /* GroupedFinances.swift */,
				C0D9032B2C4ED95B00D9AAE4 /* Finance.swift */,
				C0D9032D2C4ED9A300D9AAE4 /* Category.swift */,
				C04E52852C541A7D00566111 /* Coin.swift */,
				C055637D2C6BE72500CA13AA /* Reminder.swift */,
			);
			path = Models;
			sourceTree = "<group>";
		};
		C027F28E2C4F8787004E539E /* Extensions */ = {
			isa = PBXGroup;
			children = (
				C0A2EA802C4FC34900DB9A14 /* Number+Extension.swift */,
				C0A2EA822C4FC35600DB9A14 /* Date+Extension.swift */,
				C0A2EA842C4FC38900DB9A14 /* Color+Extension.swift */,
				C0A2EAAF2C4FD41900DB9A14 /* String+Extension.swift */,
				C04E528E2C541F7200566111 /* Double+Extension.swift */,
			);
			path = Extensions;
			sourceTree = "<group>";
		};
		C04E52932C5430EA00566111 /* Enums */ = {
			isa = PBXGroup;
			children = (
				C04E52942C54311200566111 /* CoinError.swift */,
				C06263502C5AA8C1001090CB /* TabItem.swift */,
				C018047D2C5D38420025BD03 /* FinanceType.swift */,
			);
			path = Enums;
			sourceTree = "<group>";
		};
		C04E52962C5433FE00566111 /* Utilities */ = {
			isa = PBXGroup;
			children = (
				C04E52912C542E8700566111 /* NavigationAppearance.swift */,
				C0A441B32C66621F00005E18 /* Constants.swift */,
			);
			path = Utilities;
			sourceTree = "<group>";
		};
		C0A2EA862C4FC70C00DB9A14 /* Components */ = {
			isa = PBXGroup;
			children = (
				C0D903372C4EE97B00D9AAE4 /* FinanceCardView.swift */,
				C0A2EA742C4FA77900DB9A14 /* CircularProgressView.swift */,
				C0D9031F2C4ED80A00D9AAE4 /* TabBar.swift */,
				C0A2EAAD2C4FD33500DB9A14 /* SearchBar.swift */,
				C081000F2C56BD0300A47939 /* SocialLoginButton.swift */,
				C08100112C56BD3000A47939 /* OrView.swift */,
			);
			path = Components;
			sourceTree = "<group>";
		};
		C0A2EAAA2C4FD03000DB9A14 /* ViewModels */ = {
			isa = PBXGroup;
			children = (
				C0A81BC32C501E9B005AF972 /* CategoriesViewModel.swift */,
				C0E107492C515BEB009AE8D1 /* AddFinanceViewModel.swift */,
				C0E1074B2C515F53009AE8D1 /* FinanceViewModel.swift */,
				C04E528C2C541B3F00566111 /* CoinViewModel.swift */,
				C0B08BDF2C58EDB10066CE3B /* SignUpViewModel.swift */,
				C0B08BE12C594A220066CE3B /* SignInViewModel.swift */,
				C03E3E442C5A148200EC8F2A /* AuthViewModel.swift */,
				C05563802C6BEB7800CA13AA /* ReminderViewModel.swift */,
			);
			path = ViewModels;
			sourceTree = "<group>";
		};
		C0A441B02C6660E300005E18 /* Services */ = {
			isa = PBXGroup;
			children = (
				C0A441B12C6660EE00005E18 /* CoinService.swift */,
				C05563792C6BDB0700CA13AA /* NotificationManager.swift */,
			);
			path = Services;
			sourceTree = "<group>";
		};
		C0D3B8EC2C5E985D00F5D52C /* Finance TrackerUITests */ = {
			isa = PBXGroup;
			children = (
				C0D3B8ED2C5E985D00F5D52C /* Finance_TrackerUITests.swift */,
				C0D3B8EF2C5E985D00F5D52C /* Finance_TrackerUITestsLaunchTests.swift */,
			);
			path = "Finance TrackerUITests";
			sourceTree = "<group>";
		};
		C0D903112C4ED80A00D9AAE4 = {
			isa = PBXGroup;
			children = (
				C0D9031C2C4ED80A00D9AAE4 /* Finance Tracker */,
				C0D3B8EC2C5E985D00F5D52C /* Finance TrackerUITests */,
				C0D9031B2C4ED80A00D9AAE4 /* Products */,
				C02323322C58D45A00943FEF /* Frameworks */,
			);
			sourceTree = "<group>";
		};
		C0D9031B2C4ED80A00D9AAE4 /* Products */ = {
			isa = PBXGroup;
			children = (
				C0D9031A2C4ED80A00D9AAE4 /* Finance Tracker.app */,
				C0D3B8EB2C5E985D00F5D52C /* Finance TrackerUITests.xctest */,
				C01383512C5EBA770008341A /* Finance TrackerTests.xctest */,
			);
			name = Products;
			sourceTree = "<group>";
		};
		C0D9031C2C4ED80A00D9AAE4 /* Finance Tracker */ = {
			isa = PBXGroup;
			children = (
				C0EBE7452C6BFAA000829ED0 /* Resources */,
				C0A441B02C6660E300005E18 /* Services */,
				C0B08BDD2C58ED130066CE3B /* GoogleService-Info.plist */,
				C0A2EA862C4FC70C00DB9A14 /* Components */,
				C04E52962C5433FE00566111 /* Utilities */,
				C04E52932C5430EA00566111 /* Enums */,
				C0A2EAAA2C4FD03000DB9A14 /* ViewModels */,
				C027F28E2C4F8787004E539E /* Extensions */,
				C027F28D2C4F8711004E539E /* Models */,
				C027F28B2C4F86FF004E539E /* Views */,
				C0D9031D2C4ED80A00D9AAE4 /* Finance_TrackerApp.swift */,
				C0D903212C4ED80B00D9AAE4 /* Assets.xcassets */,
				C0D903232C4ED80B00D9AAE4 /* Preview Content */,
			);
			path = "Finance Tracker";
			sourceTree = "<group>";
		};
		C0D903232C4ED80B00D9AAE4 /* Preview Content */ = {
			isa = PBXGroup;
			children = (
				C0D903242C4ED80B00D9AAE4 /* Preview Assets.xcassets */,
			);
			path = "Preview Content";
			sourceTree = "<group>";
		};
		C0EBE7452C6BFAA000829ED0 /* Resources */ = {
			isa = PBXGroup;
			children = (
				C0EBE7462C6BFAB500829ED0 /* notfound.json */,
			);
			path = Resources;
			sourceTree = "<group>";
		};
/* End PBXGroup section */

/* Begin PBXNativeTarget section */
		C01383502C5EBA770008341A /* Finance TrackerTests */ = {
			isa = PBXNativeTarget;
			buildConfigurationList = C01383592C5EBA770008341A /* Build configuration list for PBXNativeTarget "Finance TrackerTests" */;
			buildPhases = (
				C013834D2C5EBA770008341A /* Sources */,
				C013834E2C5EBA770008341A /* Frameworks */,
				C013834F2C5EBA770008341A /* Resources */,
			);
			buildRules = (
			);
			dependencies = (
				C01383562C5EBA770008341A /* PBXTargetDependency */,
			);
			name = "Finance TrackerTests";
			packageProductDependencies = (
				C055637B2C6BE60000CA13AA /* FirebaseAnalytics */,
			);
			productName = "Finance TrackerTests";
			productReference = C01383512C5EBA770008341A /* Finance TrackerTests.xctest */;
			productType = "com.apple.product-type.bundle.unit-test";
		};
		C0D3B8EA2C5E985D00F5D52C /* Finance TrackerUITests */ = {
			isa = PBXNativeTarget;
			buildConfigurationList = C0D3B8F52C5E985D00F5D52C /* Build configuration list for PBXNativeTarget "Finance TrackerUITests" */;
			buildPhases = (
				C0D3B8E72C5E985D00F5D52C /* Sources */,
				C0D3B8E82C5E985D00F5D52C /* Frameworks */,
				C0D3B8E92C5E985D00F5D52C /* Resources */,
			);
			buildRules = (
			);
			dependencies = (
				C0D3B8F22C5E985D00F5D52C /* PBXTargetDependency */,
			);
			name = "Finance TrackerUITests";
			productName = "Finance TrackerUITests";
			productReference = C0D3B8EB2C5E985D00F5D52C /* Finance TrackerUITests.xctest */;
			productType = "com.apple.product-type.bundle.ui-testing";
		};
		C0D903192C4ED80A00D9AAE4 /* Finance Tracker */ = {
			isa = PBXNativeTarget;
			buildConfigurationList = C0D903282C4ED80B00D9AAE4 /* Build configuration list for PBXNativeTarget "Finance Tracker" */;
			buildPhases = (
				C0D903162C4ED80A00D9AAE4 /* Sources */,
				C0D903172C4ED80A00D9AAE4 /* Frameworks */,
				C0D903182C4ED80A00D9AAE4 /* Resources */,
			);
			buildRules = (
			);
			dependencies = (
			);
			name = "Finance Tracker";
			packageProductDependencies = (
				C04E52882C541B0400566111 /* Alamofire */,
				C02323332C58D45A00943FEF /* FirebaseAnalytics */,
				C02323352C58D46600943FEF /* FirebaseAuth */,
				C02323372C58D46900943FEF /* FirebaseFirestore */,
				C0EBE7432C6BF93200829ED0 /* Lottie */,
			);
			productName = "Finance Tracker";
			productReference = C0D9031A2C4ED80A00D9AAE4 /* Finance Tracker.app */;
			productType = "com.apple.product-type.application";
		};
/* End PBXNativeTarget section */

/* Begin PBXProject section */
		C0D903122C4ED80A00D9AAE4 /* Project object */ = {
			isa = PBXProject;
			attributes = {
				BuildIndependentTargetsInParallel = 1;
				LastSwiftUpdateCheck = 1540;
				LastUpgradeCheck = 1540;
				TargetAttributes = {
					C01383502C5EBA770008341A = {
						CreatedOnToolsVersion = 15.4;
						TestTargetID = C0D903192C4ED80A00D9AAE4;
					};
					C0D3B8EA2C5E985D00F5D52C = {
						CreatedOnToolsVersion = 15.4;
						TestTargetID = C0D903192C4ED80A00D9AAE4;
					};
					C0D903192C4ED80A00D9AAE4 = {
						CreatedOnToolsVersion = 15.4;
					};
				};
			};
			buildConfigurationList = C0D903152C4ED80A00D9AAE4 /* Build configuration list for PBXProject "Finance Tracker" */;
			compatibilityVersion = "Xcode 14.0";
			developmentRegion = en;
			hasScannedForEncodings = 0;
			knownRegions = (
				en,
				Base,
			);
			mainGroup = C0D903112C4ED80A00D9AAE4;
			packageReferences = (
				C04E52872C541B0400566111 /* XCRemoteSwiftPackageReference "Alamofire" */,
				C02323312C58D44400943FEF /* XCRemoteSwiftPackageReference "firebase-ios-sdk" */,
				C0EBE7402C6BF8C800829ED0 /* XCRemoteSwiftPackageReference "lottie-ios" */,
			);
			productRefGroup = C0D9031B2C4ED80A00D9AAE4 /* Products */;
			projectDirPath = "";
			projectRoot = "";
			targets = (
				C0D903192C4ED80A00D9AAE4 /* Finance Tracker */,
				C0D3B8EA2C5E985D00F5D52C /* Finance TrackerUITests */,
				C01383502C5EBA770008341A /* Finance TrackerTests */,
			);
		};
/* End PBXProject section */

/* Begin PBXResourcesBuildPhase section */
		C013834F2C5EBA770008341A /* Resources */ = {
			isa = PBXResourcesBuildPhase;
			buildActionMask = 2147483647;
			files = (
			);
			runOnlyForDeploymentPostprocessing = 0;
		};
		C0D3B8E92C5E985D00F5D52C /* Resources */ = {
			isa = PBXResourcesBuildPhase;
			buildActionMask = 2147483647;
			files = (
			);
			runOnlyForDeploymentPostprocessing = 0;
		};
		C0D903182C4ED80A00D9AAE4 /* Resources */ = {
			isa = PBXResourcesBuildPhase;
			buildActionMask = 2147483647;
			files = (
				C0D903252C4ED80B00D9AAE4 /* Preview Assets.xcassets in Resources */,
				C0D903222C4ED80B00D9AAE4 /* Assets.xcassets in Resources */,
				C0EBE7472C6BFAB500829ED0 /* notfound.json in Resources */,
				C0B08BDE2C58ED130066CE3B /* GoogleService-Info.plist in Resources */,
			);
			runOnlyForDeploymentPostprocessing = 0;
		};
/* End PBXResourcesBuildPhase section */

/* Begin PBXSourcesBuildPhase section */
		C013834D2C5EBA770008341A /* Sources */ = {
			isa = PBXSourcesBuildPhase;
			buildActionMask = 2147483647;
			files = (
			);
			runOnlyForDeploymentPostprocessing = 0;
		};
		C0D3B8E72C5E985D00F5D52C /* Sources */ = {
			isa = PBXSourcesBuildPhase;
			buildActionMask = 2147483647;
			files = (
				C0D3B8F02C5E985D00F5D52C /* Finance_TrackerUITestsLaunchTests.swift in Sources */,
				C0D3B8EE2C5E985D00F5D52C /* Finance_TrackerUITests.swift in Sources */,
			);
			runOnlyForDeploymentPostprocessing = 0;
		};
		C0D903162C4ED80A00D9AAE4 /* Sources */ = {
			isa = PBXSourcesBuildPhase;
			buildActionMask = 2147483647;
			files = (
				C0E1074A2C515BEB009AE8D1 /* AddFinanceViewModel.swift in Sources */,
				C0E1074C2C515F53009AE8D1 /* FinanceViewModel.swift in Sources */,
				C018047E2C5D38430025BD03 /* FinanceType.swift in Sources */,
				C0A2EA832C4FC35600DB9A14 /* Date+Extension.swift in Sources */,
				C0D9032C2C4ED95B00D9AAE4 /* Finance.swift in Sources */,
				C0D903202C4ED80A00D9AAE4 /* TabBar.swift in Sources */,
				C0EBE7422C6BF8F400829ED0 /* ReminderView.swift in Sources */,
				C04E52952C54311200566111 /* CoinError.swift in Sources */,
				C0D903322C4EDC2C00D9AAE4 /* CategoriesView.swift in Sources */,
				C055637A2C6BDB0700CA13AA /* NotificationManager.swift in Sources */,
				C0A2EA752C4FA77900DB9A14 /* CircularProgressView.swift in Sources */,
				C04E52812C541A2A00566111 /* CoinsView.swift in Sources */,
				C081000E2C56AF0200A47939 /* SignInView.swift in Sources */,
				C0D903362C4EE0A500D9AAE4 /* AddFinanceView.swift in Sources */,
				C0A441B22C6660EE00005E18 /* CoinService.swift in Sources */,
				C04E528D2C541B3F00566111 /* CoinViewModel.swift in Sources */,
				C0A81BC42C501E9B005AF972 /* CategoriesViewModel.swift in Sources */,
				C0D903342C4EDE5000D9AAE4 /* GroupedFinances.swift in Sources */,
				C055637E2C6BE72500CA13AA /* Reminder.swift in Sources */,
				C0B08BE22C594A220066CE3B /* SignInViewModel.swift in Sources */,
				C08100122C56BD3000A47939 /* OrView.swift in Sources */,
				C0A2EAAE2C4FD33500DB9A14 /* SearchBar.swift in Sources */,
				C0B08BE02C58EDB10066CE3B /* SignUpViewModel.swift in Sources */,
				C0A2EA812C4FC34900DB9A14 /* Number+Extension.swift in Sources */,
				C0D9031E2C4ED80A00D9AAE4 /* Finance_TrackerApp.swift in Sources */,
				C05563812C6BEB7800CA13AA /* ReminderViewModel.swift in Sources */,
				C0D903302C4EDBBA00D9AAE4 /* FinanceView.swift in Sources */,
				C08100102C56BD0300A47939 /* SocialLoginButton.swift in Sources */,
				C04E528F2C541F7200566111 /* Double+Extension.swift in Sources */,
				C0D9032E2C4ED9A300D9AAE4 /* Category.swift in Sources */,
				C0A2EA852C4FC38900DB9A14 /* Color+Extension.swift in Sources */,
				C03E3E472C5A14BD00EC8F2A /* AuthCheckView.swift in Sources */,
				C04E52922C542E8700566111 /* NavigationAppearance.swift in Sources */,
				C03E3E452C5A148200EC8F2A /* AuthViewModel.swift in Sources */,
				C0217D9F2C57D90F00DD15F6 /* SignUpView.swift in Sources */,
				C0EBE74A2C6C03E200829ED0 /* AddReminderView.swift in Sources */,
				C0A2EAB02C4FD41900DB9A14 /* String+Extension.swift in Sources */,
				C04E52862C541A7D00566111 /* Coin.swift in Sources */,
				C0D903382C4EE97B00D9AAE4 /* FinanceCardView.swift in Sources */,
				C06263512C5AA8C1001090CB /* TabItem.swift in Sources */,
				C0A441B42C66621F00005E18 /* Constants.swift in Sources */,
			);
			runOnlyForDeploymentPostprocessing = 0;
		};
/* End PBXSourcesBuildPhase section */

/* Begin PBXTargetDependency section */
		C01383562C5EBA770008341A /* PBXTargetDependency */ = {
			isa = PBXTargetDependency;
			target = C0D903192C4ED80A00D9AAE4 /* Finance Tracker */;
			targetProxy = C01383552C5EBA770008341A /* PBXContainerItemProxy */;
		};
		C0D3B8F22C5E985D00F5D52C /* PBXTargetDependency */ = {
			isa = PBXTargetDependency;
			target = C0D903192C4ED80A00D9AAE4 /* Finance Tracker */;
			targetProxy = C0D3B8F12C5E985D00F5D52C /* PBXContainerItemProxy */;
		};
/* End PBXTargetDependency section */

/* Begin XCBuildConfiguration section */
		C01383572C5EBA770008341A /* Debug */ = {
			isa = XCBuildConfiguration;
			buildSettings = {
				BUNDLE_LOADER = "$(TEST_HOST)";
				CODE_SIGN_STYLE = Automatic;
				CURRENT_PROJECT_VERSION = 1;
				DEVELOPMENT_TEAM = PQ82KF7KP4;
				GENERATE_INFOPLIST_FILE = YES;
				IPHONEOS_DEPLOYMENT_TARGET = 13.0;
				MARKETING_VERSION = 1.0;
				PRODUCT_BUNDLE_IDENTIFIER = "com.batuhanberkertekin.Finance-TrackerTests";
				PRODUCT_NAME = "$(TARGET_NAME)";
				SWIFT_EMIT_LOC_STRINGS = NO;
				SWIFT_VERSION = 5.0;
				TARGETED_DEVICE_FAMILY = "1,2";
				TEST_HOST = "$(BUILT_PRODUCTS_DIR)/Finance Tracker.app/$(BUNDLE_EXECUTABLE_FOLDER_PATH)/Finance Tracker";
			};
			name = Debug;
		};
		C01383582C5EBA770008341A /* Release */ = {
			isa = XCBuildConfiguration;
			buildSettings = {
				BUNDLE_LOADER = "$(TEST_HOST)";
				CODE_SIGN_STYLE = Automatic;
				CURRENT_PROJECT_VERSION = 1;
				DEVELOPMENT_TEAM = PQ82KF7KP4;
				GENERATE_INFOPLIST_FILE = YES;
				IPHONEOS_DEPLOYMENT_TARGET = 13.0;
				MARKETING_VERSION = 1.0;
				PRODUCT_BUNDLE_IDENTIFIER = "com.batuhanberkertekin.Finance-TrackerTests";
				PRODUCT_NAME = "$(TARGET_NAME)";
				SWIFT_EMIT_LOC_STRINGS = NO;
				SWIFT_VERSION = 5.0;
				TARGETED_DEVICE_FAMILY = "1,2";
				TEST_HOST = "$(BUILT_PRODUCTS_DIR)/Finance Tracker.app/$(BUNDLE_EXECUTABLE_FOLDER_PATH)/Finance Tracker";
			};
			name = Release;
		};
		C0D3B8F32C5E985D00F5D52C /* Debug */ = {
			isa = XCBuildConfiguration;
			buildSettings = {
				CODE_SIGN_STYLE = Automatic;
				CURRENT_PROJECT_VERSION = 1;
				DEVELOPMENT_TEAM = PQ82KF7KP4;
				GENERATE_INFOPLIST_FILE = YES;
				MARKETING_VERSION = 1.0;
				PRODUCT_BUNDLE_IDENTIFIER = "com.batuhanberkertekin.Finance-TrackerUITests";
				PRODUCT_NAME = "$(TARGET_NAME)";
				SWIFT_EMIT_LOC_STRINGS = NO;
				SWIFT_VERSION = 5.0;
				TARGETED_DEVICE_FAMILY = "1,2";
				TEST_TARGET_NAME = "Finance Tracker";
			};
			name = Debug;
		};
		C0D3B8F42C5E985D00F5D52C /* Release */ = {
			isa = XCBuildConfiguration;
			buildSettings = {
				CODE_SIGN_STYLE = Automatic;
				CURRENT_PROJECT_VERSION = 1;
				DEVELOPMENT_TEAM = PQ82KF7KP4;
				GENERATE_INFOPLIST_FILE = YES;
				MARKETING_VERSION = 1.0;
				PRODUCT_BUNDLE_IDENTIFIER = "com.batuhanberkertekin.Finance-TrackerUITests";
				PRODUCT_NAME = "$(TARGET_NAME)";
				SWIFT_EMIT_LOC_STRINGS = NO;
				SWIFT_VERSION = 5.0;
				TARGETED_DEVICE_FAMILY = "1,2";
				TEST_TARGET_NAME = "Finance Tracker";
			};
			name = Release;
		};
		C0D903262C4ED80B00D9AAE4 /* Debug */ = {
			isa = XCBuildConfiguration;
			buildSettings = {
				ALWAYS_SEARCH_USER_PATHS = NO;
				ASSETCATALOG_COMPILER_GENERATE_SWIFT_ASSET_SYMBOL_EXTENSIONS = YES;
				CLANG_ANALYZER_NONNULL = YES;
				CLANG_ANALYZER_NUMBER_OBJECT_CONVERSION = YES_AGGRESSIVE;
				CLANG_CXX_LANGUAGE_STANDARD = "gnu++20";
				CLANG_ENABLE_MODULES = YES;
				CLANG_ENABLE_OBJC_ARC = YES;
				CLANG_ENABLE_OBJC_WEAK = YES;
				CLANG_WARN_BLOCK_CAPTURE_AUTORELEASING = YES;
				CLANG_WARN_BOOL_CONVERSION = YES;
				CLANG_WARN_COMMA = YES;
				CLANG_WARN_CONSTANT_CONVERSION = YES;
				CLANG_WARN_DEPRECATED_OBJC_IMPLEMENTATIONS = YES;
				CLANG_WARN_DIRECT_OBJC_ISA_USAGE = YES_ERROR;
				CLANG_WARN_DOCUMENTATION_COMMENTS = YES;
				CLANG_WARN_EMPTY_BODY = YES;
				CLANG_WARN_ENUM_CONVERSION = YES;
				CLANG_WARN_INFINITE_RECURSION = YES;
				CLANG_WARN_INT_CONVERSION = YES;
				CLANG_WARN_NON_LITERAL_NULL_CONVERSION = YES;
				CLANG_WARN_OBJC_IMPLICIT_RETAIN_SELF = YES;
				CLANG_WARN_OBJC_LITERAL_CONVERSION = YES;
				CLANG_WARN_OBJC_ROOT_CLASS = YES_ERROR;
				CLANG_WARN_QUOTED_INCLUDE_IN_FRAMEWORK_HEADER = YES;
				CLANG_WARN_RANGE_LOOP_ANALYSIS = YES;
				CLANG_WARN_STRICT_PROTOTYPES = YES;
				CLANG_WARN_SUSPICIOUS_MOVE = YES;
				CLANG_WARN_UNGUARDED_AVAILABILITY = YES_AGGRESSIVE;
				CLANG_WARN_UNREACHABLE_CODE = YES;
				CLANG_WARN__DUPLICATE_METHOD_MATCH = YES;
				COPY_PHASE_STRIP = NO;
				DEBUG_INFORMATION_FORMAT = dwarf;
				ENABLE_STRICT_OBJC_MSGSEND = YES;
				ENABLE_TESTABILITY = YES;
				ENABLE_USER_SCRIPT_SANDBOXING = YES;
				GCC_C_LANGUAGE_STANDARD = gnu17;
				GCC_DYNAMIC_NO_PIC = NO;
				GCC_NO_COMMON_BLOCKS = YES;
				GCC_OPTIMIZATION_LEVEL = 0;
				GCC_PREPROCESSOR_DEFINITIONS = (
					"DEBUG=1",
					"$(inherited)",
				);
				GCC_WARN_64_TO_32_BIT_CONVERSION = YES;
				GCC_WARN_ABOUT_RETURN_TYPE = YES_ERROR;
				GCC_WARN_UNDECLARED_SELECTOR = YES;
				GCC_WARN_UNINITIALIZED_AUTOS = YES_AGGRESSIVE;
				GCC_WARN_UNUSED_FUNCTION = YES;
				GCC_WARN_UNUSED_VARIABLE = YES;
				IPHONEOS_DEPLOYMENT_TARGET = 17.5;
				LOCALIZATION_PREFERS_STRING_CATALOGS = YES;
				MTL_ENABLE_DEBUG_INFO = INCLUDE_SOURCE;
				MTL_FAST_MATH = YES;
				ONLY_ACTIVE_ARCH = YES;
				SDKROOT = iphoneos;
				SWIFT_ACTIVE_COMPILATION_CONDITIONS = "DEBUG $(inherited)";
				SWIFT_OPTIMIZATION_LEVEL = "-Onone";
			};
			name = Debug;
		};
		C0D903272C4ED80B00D9AAE4 /* Release */ = {
			isa = XCBuildConfiguration;
			buildSettings = {
				ALWAYS_SEARCH_USER_PATHS = NO;
				ASSETCATALOG_COMPILER_GENERATE_SWIFT_ASSET_SYMBOL_EXTENSIONS = YES;
				CLANG_ANALYZER_NONNULL = YES;
				CLANG_ANALYZER_NUMBER_OBJECT_CONVERSION = YES_AGGRESSIVE;
				CLANG_CXX_LANGUAGE_STANDARD = "gnu++20";
				CLANG_ENABLE_MODULES = YES;
				CLANG_ENABLE_OBJC_ARC = YES;
				CLANG_ENABLE_OBJC_WEAK = YES;
				CLANG_WARN_BLOCK_CAPTURE_AUTORELEASING = YES;
				CLANG_WARN_BOOL_CONVERSION = YES;
				CLANG_WARN_COMMA = YES;
				CLANG_WARN_CONSTANT_CONVERSION = YES;
				CLANG_WARN_DEPRECATED_OBJC_IMPLEMENTATIONS = YES;
				CLANG_WARN_DIRECT_OBJC_ISA_USAGE = YES_ERROR;
				CLANG_WARN_DOCUMENTATION_COMMENTS = YES;
				CLANG_WARN_EMPTY_BODY = YES;
				CLANG_WARN_ENUM_CONVERSION = YES;
				CLANG_WARN_INFINITE_RECURSION = YES;
				CLANG_WARN_INT_CONVERSION = YES;
				CLANG_WARN_NON_LITERAL_NULL_CONVERSION = YES;
				CLANG_WARN_OBJC_IMPLICIT_RETAIN_SELF = YES;
				CLANG_WARN_OBJC_LITERAL_CONVERSION = YES;
				CLANG_WARN_OBJC_ROOT_CLASS = YES_ERROR;
				CLANG_WARN_QUOTED_INCLUDE_IN_FRAMEWORK_HEADER = YES;
				CLANG_WARN_RANGE_LOOP_ANALYSIS = YES;
				CLANG_WARN_STRICT_PROTOTYPES = YES;
				CLANG_WARN_SUSPICIOUS_MOVE = YES;
				CLANG_WARN_UNGUARDED_AVAILABILITY = YES_AGGRESSIVE;
				CLANG_WARN_UNREACHABLE_CODE = YES;
				CLANG_WARN__DUPLICATE_METHOD_MATCH = YES;
				COPY_PHASE_STRIP = NO;
				DEBUG_INFORMATION_FORMAT = "dwarf-with-dsym";
				ENABLE_NS_ASSERTIONS = NO;
				ENABLE_STRICT_OBJC_MSGSEND = YES;
				ENABLE_USER_SCRIPT_SANDBOXING = YES;
				GCC_C_LANGUAGE_STANDARD = gnu17;
				GCC_NO_COMMON_BLOCKS = YES;
				GCC_WARN_64_TO_32_BIT_CONVERSION = YES;
				GCC_WARN_ABOUT_RETURN_TYPE = YES_ERROR;
				GCC_WARN_UNDECLARED_SELECTOR = YES;
				GCC_WARN_UNINITIALIZED_AUTOS = YES_AGGRESSIVE;
				GCC_WARN_UNUSED_FUNCTION = YES;
				GCC_WARN_UNUSED_VARIABLE = YES;
				IPHONEOS_DEPLOYMENT_TARGET = 17.5;
				LOCALIZATION_PREFERS_STRING_CATALOGS = YES;
				MTL_ENABLE_DEBUG_INFO = NO;
				MTL_FAST_MATH = YES;
				SDKROOT = iphoneos;
				SWIFT_COMPILATION_MODE = wholemodule;
				VALIDATE_PRODUCT = YES;
			};
			name = Release;
		};
		C0D903292C4ED80B00D9AAE4 /* Debug */ = {
			isa = XCBuildConfiguration;
			buildSettings = {
				ASSETCATALOG_COMPILER_APPICON_NAME = AppIcon;
				ASSETCATALOG_COMPILER_GLOBAL_ACCENT_COLOR_NAME = AccentColor;
				CODE_SIGN_STYLE = Automatic;
				CURRENT_PROJECT_VERSION = 1;
				DEVELOPMENT_ASSET_PATHS = "\"Finance Tracker/Preview Content\"";
				DEVELOPMENT_TEAM = PQ82KF7KP4;
				ENABLE_PREVIEWS = YES;
				GENERATE_INFOPLIST_FILE = YES;
				INFOPLIST_KEY_CFBundleDisplayName = "Finance Tracker";
				INFOPLIST_KEY_UIApplicationSceneManifest_Generation = YES;
				INFOPLIST_KEY_UIApplicationSupportsIndirectInputEvents = YES;
				INFOPLIST_KEY_UILaunchScreen_Generation = YES;
				INFOPLIST_KEY_UISupportedInterfaceOrientations_iPad = "UIInterfaceOrientationPortrait UIInterfaceOrientationPortraitUpsideDown UIInterfaceOrientationLandscapeLeft UIInterfaceOrientationLandscapeRight";
				INFOPLIST_KEY_UISupportedInterfaceOrientations_iPhone = "UIInterfaceOrientationPortrait UIInterfaceOrientationLandscapeLeft UIInterfaceOrientationLandscapeRight";
				LD_RUNPATH_SEARCH_PATHS = (
					"$(inherited)",
					"@executable_path/Frameworks",
				);
				MARKETING_VERSION = 1.0;
				PRODUCT_BUNDLE_IDENTIFIER = "com.batuhanberkertekin.Finance-Tracker";
				PRODUCT_NAME = "$(TARGET_NAME)";
				SWIFT_EMIT_LOC_STRINGS = YES;
				SWIFT_VERSION = 5.0;
				TARGETED_DEVICE_FAMILY = "1,2";
			};
			name = Debug;
		};
		C0D9032A2C4ED80B00D9AAE4 /* Release */ = {
			isa = XCBuildConfiguration;
			buildSettings = {
				ASSETCATALOG_COMPILER_APPICON_NAME = AppIcon;
				ASSETCATALOG_COMPILER_GLOBAL_ACCENT_COLOR_NAME = AccentColor;
				CODE_SIGN_STYLE = Automatic;
				CURRENT_PROJECT_VERSION = 1;
				DEVELOPMENT_ASSET_PATHS = "\"Finance Tracker/Preview Content\"";
				DEVELOPMENT_TEAM = PQ82KF7KP4;
				ENABLE_PREVIEWS = YES;
				GENERATE_INFOPLIST_FILE = YES;
				INFOPLIST_KEY_CFBundleDisplayName = "Finance Tracker";
				INFOPLIST_KEY_UIApplicationSceneManifest_Generation = YES;
				INFOPLIST_KEY_UIApplicationSupportsIndirectInputEvents = YES;
				INFOPLIST_KEY_UILaunchScreen_Generation = YES;
				INFOPLIST_KEY_UISupportedInterfaceOrientations_iPad = "UIInterfaceOrientationPortrait UIInterfaceOrientationPortraitUpsideDown UIInterfaceOrientationLandscapeLeft UIInterfaceOrientationLandscapeRight";
				INFOPLIST_KEY_UISupportedInterfaceOrientations_iPhone = "UIInterfaceOrientationPortrait UIInterfaceOrientationLandscapeLeft UIInterfaceOrientationLandscapeRight";
				LD_RUNPATH_SEARCH_PATHS = (
					"$(inherited)",
					"@executable_path/Frameworks",
				);
				MARKETING_VERSION = 1.0;
				PRODUCT_BUNDLE_IDENTIFIER = "com.batuhanberkertekin.Finance-Tracker";
				PRODUCT_NAME = "$(TARGET_NAME)";
				SWIFT_EMIT_LOC_STRINGS = YES;
				SWIFT_VERSION = 5.0;
				TARGETED_DEVICE_FAMILY = "1,2";
			};
			name = Release;
		};
/* End XCBuildConfiguration section */

/* Begin XCConfigurationList section */
		C01383592C5EBA770008341A /* Build configuration list for PBXNativeTarget "Finance TrackerTests" */ = {
			isa = XCConfigurationList;
			buildConfigurations = (
				C01383572C5EBA770008341A /* Debug */,
				C01383582C5EBA770008341A /* Release */,
			);
			defaultConfigurationIsVisible = 0;
			defaultConfigurationName = Release;
		};
		C0D3B8F52C5E985D00F5D52C /* Build configuration list for PBXNativeTarget "Finance TrackerUITests" */ = {
			isa = XCConfigurationList;
			buildConfigurations = (
				C0D3B8F32C5E985D00F5D52C /* Debug */,
				C0D3B8F42C5E985D00F5D52C /* Release */,
			);
			defaultConfigurationIsVisible = 0;
			defaultConfigurationName = Release;
		};
		C0D903152C4ED80A00D9AAE4 /* Build configuration list for PBXProject "Finance Tracker" */ = {
			isa = XCConfigurationList;
			buildConfigurations = (
				C0D903262C4ED80B00D9AAE4 /* Debug */,
				C0D903272C4ED80B00D9AAE4 /* Release */,
			);
			defaultConfigurationIsVisible = 0;
			defaultConfigurationName = Release;
		};
		C0D903282C4ED80B00D9AAE4 /* Build configuration list for PBXNativeTarget "Finance Tracker" */ = {
			isa = XCConfigurationList;
			buildConfigurations = (
				C0D903292C4ED80B00D9AAE4 /* Debug */,
				C0D9032A2C4ED80B00D9AAE4 /* Release */,
			);
			defaultConfigurationIsVisible = 0;
			defaultConfigurationName = Release;
		};
/* End XCConfigurationList section */

/* Begin XCRemoteSwiftPackageReference section */
		C02323312C58D44400943FEF /* XCRemoteSwiftPackageReference "firebase-ios-sdk" */ = {
			isa = XCRemoteSwiftPackageReference;
			repositoryURL = "https://github.com/firebase/firebase-ios-sdk.git";
			requirement = {
				kind = upToNextMajorVersion;
				minimumVersion = 10.29.0;
			};
		};
		C04E52872C541B0400566111 /* XCRemoteSwiftPackageReference "Alamofire" */ = {
			isa = XCRemoteSwiftPackageReference;
			repositoryURL = "https://github.com/Alamofire/Alamofire.git";
			requirement = {
				kind = upToNextMajorVersion;
				minimumVersion = 5.9.1;
			};
		};
		C0EBE7402C6BF8C800829ED0 /* XCRemoteSwiftPackageReference "lottie-ios" */ = {
			isa = XCRemoteSwiftPackageReference;
			repositoryURL = "https://github.com/airbnb/lottie-ios.git";
			requirement = {
				kind = upToNextMajorVersion;
				minimumVersion = 4.5.0;
			};
		};
/* End XCRemoteSwiftPackageReference section */

/* Begin XCSwiftPackageProductDependency section */
		C02323332C58D45A00943FEF /* FirebaseAnalytics */ = {
			isa = XCSwiftPackageProductDependency;
			package = C02323312C58D44400943FEF /* XCRemoteSwiftPackageReference "firebase-ios-sdk" */;
			productName = FirebaseAnalytics;
		};
		C02323352C58D46600943FEF /* FirebaseAuth */ = {
			isa = XCSwiftPackageProductDependency;
			package = C02323312C58D44400943FEF /* XCRemoteSwiftPackageReference "firebase-ios-sdk" */;
			productName = FirebaseAuth;
		};
		C02323372C58D46900943FEF /* FirebaseFirestore */ = {
			isa = XCSwiftPackageProductDependency;
			package = C02323312C58D44400943FEF /* XCRemoteSwiftPackageReference "firebase-ios-sdk" */;
			productName = FirebaseFirestore;
		};
		C04E52882C541B0400566111 /* Alamofire */ = {
			isa = XCSwiftPackageProductDependency;
			package = C04E52872C541B0400566111 /* XCRemoteSwiftPackageReference "Alamofire" */;
			productName = Alamofire;
		};
		C055637B2C6BE60000CA13AA /* FirebaseAnalytics */ = {
			isa = XCSwiftPackageProductDependency;
			package = C02323312C58D44400943FEF /* XCRemoteSwiftPackageReference "firebase-ios-sdk" */;
			productName = FirebaseAnalytics;
		};
		C0EBE7432C6BF93200829ED0 /* Lottie */ = {
			isa = XCSwiftPackageProductDependency;
			package = C0EBE7402C6BF8C800829ED0 /* XCRemoteSwiftPackageReference "lottie-ios" */;
			productName = Lottie;
		};
/* End XCSwiftPackageProductDependency section */
	};
	rootObject = C0D903122C4ED80A00D9AAE4 /* Project object */;
}
