// !$*UTF8*$!
{
	archiveVersion = 1;
	classes = {
	};
	objectVersion = 56;
	objects = {

/* Begin PBXBuildFile section */
		C009D2AD2C8057CD00549338 /* Alamofire in Frameworks */ = {isa = PBXBuildFile; productRef = C009D2AC2C8057CD00549338 /* Alamofire */; };
		C01130342C70B6FA00D316E9 /* SummaryView.swift in Sources */ = {isa = PBXBuildFile; fileRef = C01130332C70B6FA00D316E9 /* SummaryView.swift */; };
		C018047E2C5D38430025BD03 /* FinanceType.swift in Sources */ = {isa = PBXBuildFile; fileRef = C018047D2C5D38420025BD03 /* FinanceType.swift */; };
		C01F66F32C74930D0090ADF3 /* UIOnboarding in Frameworks */ = {isa = PBXBuildFile; productRef = C01F66F22C74930D0090ADF3 /* UIOnboarding */; };
		C0264D892C7F95DE00CDFD0E /* CategoryBarChartView.swift in Sources */ = {isa = PBXBuildFile; fileRef = C0264D882C7F95DE00CDFD0E /* CategoryBarChartView.swift */; };
		C0264D8B2C7F961100CDFD0E /* InfoCardView.swift in Sources */ = {isa = PBXBuildFile; fileRef = C0264D8A2C7F961100CDFD0E /* InfoCardView.swift */; };
		C0264D8D2C7F964700CDFD0E /* DatePickerView.swift in Sources */ = {isa = PBXBuildFile; fileRef = C0264D8C2C7F964700CDFD0E /* DatePickerView.swift */; };
		C0264D912C7FA6CD00CDFD0E /* FinanceIconView.swift in Sources */ = {isa = PBXBuildFile; fileRef = C0264D902C7FA6CD00CDFD0E /* FinanceIconView.swift */; };
		C02BE7152C8C5407004738B9 /* CoinsView.swift in Sources */ = {isa = PBXBuildFile; fileRef = C02BE7142C8C5407004738B9 /* CoinsView.swift */; };
		C02BE7202C8C543B004738B9 /* InfoPlist.strings in Resources */ = {isa = PBXBuildFile; fileRef = C02BE71A2C8C543B004738B9 /* InfoPlist.strings */; };
		C02BE7212C8C543B004738B9 /* Localizable.strings in Resources */ = {isa = PBXBuildFile; fileRef = C02BE71D2C8C543B004738B9 /* Localizable.strings */; };
		C02BE7292C8C5460004738B9 /* HorizontalCoinList.swift in Sources */ = {isa = PBXBuildFile; fileRef = C02BE7222C8C5460004738B9 /* HorizontalCoinList.swift */; };
		C02BE72A2C8C5460004738B9 /* SectionHeader.swift in Sources */ = {isa = PBXBuildFile; fileRef = C02BE7232C8C5460004738B9 /* SectionHeader.swift */; };
		C02BE72B2C8C5460004738B9 /* CoinCard.swift in Sources */ = {isa = PBXBuildFile; fileRef = C02BE7242C8C5460004738B9 /* CoinCard.swift */; };
		C02BE72C2C8C5460004738B9 /* ResponseView.swift in Sources */ = {isa = PBXBuildFile; fileRef = C02BE7252C8C5460004738B9 /* ResponseView.swift */; };
		C02BE72D2C8C5460004738B9 /* PromptInputView.swift in Sources */ = {isa = PBXBuildFile; fileRef = C02BE7262C8C5460004738B9 /* PromptInputView.swift */; };
		C02BE72E2C8C5460004738B9 /* WelcomeMessage.swift in Sources */ = {isa = PBXBuildFile; fileRef = C02BE7272C8C5460004738B9 /* WelcomeMessage.swift */; };
		C02BE72F2C8C5460004738B9 /* CoinRow.swift in Sources */ = {isa = PBXBuildFile; fileRef = C02BE7282C8C5460004738B9 /* CoinRow.swift */; };
		C02BE7322C8C547E004738B9 /* APIKey.swift in Sources */ = {isa = PBXBuildFile; fileRef = C02BE7302C8C547E004738B9 /* APIKey.swift */; };
		C02BE7332C8C547E004738B9 /* CoinError.swift in Sources */ = {isa = PBXBuildFile; fileRef = C02BE7312C8C547E004738B9 /* CoinError.swift */; };
		C02BE73A2C8C549A004738B9 /* AIView.swift in Sources */ = {isa = PBXBuildFile; fileRef = C02BE7342C8C549A004738B9 /* AIView.swift */; };
		C02BE73B2C8C549A004738B9 /* Coin.swift in Sources */ = {isa = PBXBuildFile; fileRef = C02BE7352C8C549A004738B9 /* Coin.swift */; };
		C02BE73C2C8C549A004738B9 /* GenerativeAI-Info.plist in Resources */ = {isa = PBXBuildFile; fileRef = C02BE7362C8C549A004738B9 /* GenerativeAI-Info.plist */; };
		C02BE73D2C8C549A004738B9 /* CoinViewModel.swift in Sources */ = {isa = PBXBuildFile; fileRef = C02BE7372C8C549A004738B9 /* CoinViewModel.swift */; };
		C02BE73F2C8C549A004738B9 /* CoinService.swift in Sources */ = {isa = PBXBuildFile; fileRef = C02BE7392C8C549A004738B9 /* CoinService.swift */; };
		C02BE7422C8C54D6004738B9 /* GoogleGenerativeAI in Frameworks */ = {isa = PBXBuildFile; productRef = C02BE7412C8C54D6004738B9 /* GoogleGenerativeAI */; };
		C02BE7442C8C551F004738B9 /* Constants.swift in Sources */ = {isa = PBXBuildFile; fileRef = C02BE7432C8C551F004738B9 /* Constants.swift */; };
		C02BE7452C8C55A1004738B9 /* InfoPlist.strings in Resources */ = {isa = PBXBuildFile; fileRef = C02BE71A2C8C543B004738B9 /* InfoPlist.strings */; };
		C02BE7462C8C55A1004738B9 /* Localizable.strings in Resources */ = {isa = PBXBuildFile; fileRef = C02BE71D2C8C543B004738B9 /* Localizable.strings */; };
		C02BE74E2C8C5708004738B9 /* OnBoardingView.swift in Sources */ = {isa = PBXBuildFile; fileRef = C02BE74D2C8C5708004738B9 /* OnBoardingView.swift */; };
		C02BE7502C8C571F004738B9 /* UIOnboardingHelper.swift in Sources */ = {isa = PBXBuildFile; fileRef = C02BE74F2C8C571F004738B9 /* UIOnboardingHelper.swift */; };
		C02F2F2C2C6CB4F2006D8741 /* GoogleMobileAds in Frameworks */ = {isa = PBXBuildFile; productRef = C02F2F2B2C6CB4F2006D8741 /* GoogleMobileAds */; };
		C03DA92B2C80BD3B00E9E4DB /* FinanceWidget.swift in Sources */ = {isa = PBXBuildFile; fileRef = C0D0D92A2C7334BB00E28C4D /* FinanceWidget.swift */; };
		C03DA92D2C80BD5F00E9E4DB /* FinanceWidgetEntryView.swift in Sources */ = {isa = PBXBuildFile; fileRef = C03DA92C2C80BD5F00E9E4DB /* FinanceWidgetEntryView.swift */; };
		C03DA92F2C80BD6700E9E4DB /* FinanceWidgetEntryView.swift in Sources */ = {isa = PBXBuildFile; fileRef = C03DA92C2C80BD5F00E9E4DB /* FinanceWidgetEntryView.swift */; };
		C03DA9312C80C50100E9E4DB /* Number+Extension.swift in Sources */ = {isa = PBXBuildFile; fileRef = C0A2EA802C4FC34900DB9A14 /* Number+Extension.swift */; };
		C03DA9322C80C50700E9E4DB /* String+Extension.swift in Sources */ = {isa = PBXBuildFile; fileRef = C0A2EAAF2C4FD41900DB9A14 /* String+Extension.swift */; };
		C04E528F2C541F7200566111 /* Double+Extension.swift in Sources */ = {isa = PBXBuildFile; fileRef = C04E528E2C541F7200566111 /* Double+Extension.swift */; };
		C04E52922C542E8700566111 /* NavigationAppearance.swift in Sources */ = {isa = PBXBuildFile; fileRef = C04E52912C542E8700566111 /* NavigationAppearance.swift */; };
		C055637A2C6BDB0700CA13AA /* NotificationManager.swift in Sources */ = {isa = PBXBuildFile; fileRef = C05563792C6BDB0700CA13AA /* NotificationManager.swift */; };
		C055637E2C6BE72500CA13AA /* Reminder.swift in Sources */ = {isa = PBXBuildFile; fileRef = C055637D2C6BE72500CA13AA /* Reminder.swift */; };
		C05563812C6BEB7800CA13AA /* ReminderViewModel.swift in Sources */ = {isa = PBXBuildFile; fileRef = C05563802C6BEB7800CA13AA /* ReminderViewModel.swift */; };
		C06263512C5AA8C1001090CB /* TabItem.swift in Sources */ = {isa = PBXBuildFile; fileRef = C06263502C5AA8C1001090CB /* TabItem.swift */; };
		C06B6D2C2C6D2961008C248A /* CalculateViewModel.swift in Sources */ = {isa = PBXBuildFile; fileRef = C06B6D2B2C6D2961008C248A /* CalculateViewModel.swift */; };
		C092008E2C6CE1680053331C /* AdCoordinator.swift in Sources */ = {isa = PBXBuildFile; fileRef = C092008D2C6CE1680053331C /* AdCoordinator.swift */; };
		C0A2EA752C4FA77900DB9A14 /* CircularProgressView.swift in Sources */ = {isa = PBXBuildFile; fileRef = C0A2EA742C4FA77900DB9A14 /* CircularProgressView.swift */; };
		C0A2EA812C4FC34900DB9A14 /* Number+Extension.swift in Sources */ = {isa = PBXBuildFile; fileRef = C0A2EA802C4FC34900DB9A14 /* Number+Extension.swift */; };
		C0A2EA832C4FC35600DB9A14 /* Date+Extension.swift in Sources */ = {isa = PBXBuildFile; fileRef = C0A2EA822C4FC35600DB9A14 /* Date+Extension.swift */; };
		C0A2EA852C4FC38900DB9A14 /* Color+Extension.swift in Sources */ = {isa = PBXBuildFile; fileRef = C0A2EA842C4FC38900DB9A14 /* Color+Extension.swift */; };
		C0A2EAB02C4FD41900DB9A14 /* String+Extension.swift in Sources */ = {isa = PBXBuildFile; fileRef = C0A2EAAF2C4FD41900DB9A14 /* String+Extension.swift */; };
		C0A81BC42C501E9B005AF972 /* CategoriesViewModel.swift in Sources */ = {isa = PBXBuildFile; fileRef = C0A81BC32C501E9B005AF972 /* CategoriesViewModel.swift */; };
		C0CCC0762C6DE3DF00F03AA3 /* BannerView.swift in Sources */ = {isa = PBXBuildFile; fileRef = C0CCC0752C6DE3DF00F03AA3 /* BannerView.swift */; };
		C0D0D9242C7334BB00E28C4D /* WidgetKit.framework in Frameworks */ = {isa = PBXBuildFile; fileRef = C0D0D9232C7334BB00E28C4D /* WidgetKit.framework */; };
		C0D0D9262C7334BB00E28C4D /* SwiftUI.framework in Frameworks */ = {isa = PBXBuildFile; fileRef = C0D0D9252C7334BB00E28C4D /* SwiftUI.framework */; };
		C0D0D9292C7334BB00E28C4D /* FinanceWidgetBundle.swift in Sources */ = {isa = PBXBuildFile; fileRef = C0D0D9282C7334BB00E28C4D /* FinanceWidgetBundle.swift */; };
		C0D0D92B2C7334BB00E28C4D /* FinanceWidget.swift in Sources */ = {isa = PBXBuildFile; fileRef = C0D0D92A2C7334BB00E28C4D /* FinanceWidget.swift */; };
		C0D0D92D2C7334BC00E28C4D /* Assets.xcassets in Resources */ = {isa = PBXBuildFile; fileRef = C0D0D92C2C7334BC00E28C4D /* Assets.xcassets */; };
		C0D0D9312C7334BC00E28C4D /* FinanceWidgetExtension.appex in Embed Foundation Extensions */ = {isa = PBXBuildFile; fileRef = C0D0D9222C7334BB00E28C4D /* FinanceWidgetExtension.appex */; settings = {ATTRIBUTES = (RemoveHeadersOnCopy, ); }; };
		C0D0D9372C73357500E28C4D /* FinanceType.swift in Sources */ = {isa = PBXBuildFile; fileRef = C018047D2C5D38420025BD03 /* FinanceType.swift */; };
		C0D0D9382C7336F200E28C4D /* Finance.swift in Sources */ = {isa = PBXBuildFile; fileRef = C0D9032B2C4ED95B00D9AAE4 /* Finance.swift */; };
		C0D0D9392C73371100E28C4D /* Category.swift in Sources */ = {isa = PBXBuildFile; fileRef = C0D9032D2C4ED9A300D9AAE4 /* Category.swift */; };
		C0D3B8EE2C5E985D00F5D52C /* Finance_TrackerUITests.swift in Sources */ = {isa = PBXBuildFile; fileRef = C0D3B8ED2C5E985D00F5D52C /* Finance_TrackerUITests.swift */; };
		C0D3B8F02C5E985D00F5D52C /* Finance_TrackerUITestsLaunchTests.swift in Sources */ = {isa = PBXBuildFile; fileRef = C0D3B8EF2C5E985D00F5D52C /* Finance_TrackerUITestsLaunchTests.swift */; };
		C0D9031E2C4ED80A00D9AAE4 /* Finance_TrackerApp.swift in Sources */ = {isa = PBXBuildFile; fileRef = C0D9031D2C4ED80A00D9AAE4 /* Finance_TrackerApp.swift */; };
		C0D903202C4ED80A00D9AAE4 /* TabBar.swift in Sources */ = {isa = PBXBuildFile; fileRef = C0D9031F2C4ED80A00D9AAE4 /* TabBar.swift */; };
		C0D903222C4ED80B00D9AAE4 /* Assets.xcassets in Resources */ = {isa = PBXBuildFile; fileRef = C0D903212C4ED80B00D9AAE4 /* Assets.xcassets */; };
		C0D903252C4ED80B00D9AAE4 /* Preview Assets.xcassets in Resources */ = {isa = PBXBuildFile; fileRef = C0D903242C4ED80B00D9AAE4 /* Preview Assets.xcassets */; };
		C0D9032C2C4ED95B00D9AAE4 /* Finance.swift in Sources */ = {isa = PBXBuildFile; fileRef = C0D9032B2C4ED95B00D9AAE4 /* Finance.swift */; };
		C0D9032E2C4ED9A300D9AAE4 /* Category.swift in Sources */ = {isa = PBXBuildFile; fileRef = C0D9032D2C4ED9A300D9AAE4 /* Category.swift */; };
		C0D903302C4EDBBA00D9AAE4 /* FinanceView.swift in Sources */ = {isa = PBXBuildFile; fileRef = C0D9032F2C4EDBBA00D9AAE4 /* FinanceView.swift */; };
		C0D903322C4EDC2C00D9AAE4 /* CategoriesView.swift in Sources */ = {isa = PBXBuildFile; fileRef = C0D903312C4EDC2C00D9AAE4 /* CategoriesView.swift */; };
		C0D903342C4EDE5000D9AAE4 /* GroupedFinances.swift in Sources */ = {isa = PBXBuildFile; fileRef = C0D903332C4EDE5000D9AAE4 /* GroupedFinances.swift */; };
		C0D903362C4EE0A500D9AAE4 /* AddFinanceView.swift in Sources */ = {isa = PBXBuildFile; fileRef = C0D903352C4EE0A500D9AAE4 /* AddFinanceView.swift */; };
		C0D903382C4EE97B00D9AAE4 /* FinanceCardView.swift in Sources */ = {isa = PBXBuildFile; fileRef = C0D903372C4EE97B00D9AAE4 /* FinanceCardView.swift */; };
		C0E1074A2C515BEB009AE8D1 /* AddFinanceViewModel.swift in Sources */ = {isa = PBXBuildFile; fileRef = C0E107492C515BEB009AE8D1 /* AddFinanceViewModel.swift */; };
		C0E1074C2C515F53009AE8D1 /* FinanceViewModel.swift in Sources */ = {isa = PBXBuildFile; fileRef = C0E1074B2C515F53009AE8D1 /* FinanceViewModel.swift */; };
		C0EBE7422C6BF8F400829ED0 /* ReminderView.swift in Sources */ = {isa = PBXBuildFile; fileRef = C0EBE7412C6BF8F400829ED0 /* ReminderView.swift */; };
		C0EBE7442C6BF93200829ED0 /* Lottie in Frameworks */ = {isa = PBXBuildFile; productRef = C0EBE7432C6BF93200829ED0 /* Lottie */; };
		C0EBE7472C6BFAB500829ED0 /* notfound.json in Resources */ = {isa = PBXBuildFile; fileRef = C0EBE7462C6BFAB500829ED0 /* notfound.json */; };
		C0EBE74A2C6C03E200829ED0 /* AddReminderView.swift in Sources */ = {isa = PBXBuildFile; fileRef = C0EBE7492C6C03E200829ED0 /* AddReminderView.swift */; };
		C0F34BE22C71E261004D31C4 /* CalendarView.swift in Sources */ = {isa = PBXBuildFile; fileRef = C0F34BE12C71E261004D31C4 /* CalendarView.swift */; };
/* End PBXBuildFile section */

/* Begin PBXContainerItemProxy section */
		C01383552C5EBA770008341A /* PBXContainerItemProxy */ = {
			isa = PBXContainerItemProxy;
			containerPortal = C0D903122C4ED80A00D9AAE4 /* Project object */;
			proxyType = 1;
			remoteGlobalIDString = C0D903192C4ED80A00D9AAE4;
			remoteInfo = "Finance Tracker";
		};
		C0D0D92F2C7334BC00E28C4D /* PBXContainerItemProxy */ = {
			isa = PBXContainerItemProxy;
			containerPortal = C0D903122C4ED80A00D9AAE4 /* Project object */;
			proxyType = 1;
			remoteGlobalIDString = C0D0D9212C7334BB00E28C4D;
			remoteInfo = FinanceWidgetExtension;
		};
		C0D3B8F12C5E985D00F5D52C /* PBXContainerItemProxy */ = {
			isa = PBXContainerItemProxy;
			containerPortal = C0D903122C4ED80A00D9AAE4 /* Project object */;
			proxyType = 1;
			remoteGlobalIDString = C0D903192C4ED80A00D9AAE4;
			remoteInfo = "Finance Tracker";
		};
/* End PBXContainerItemProxy section */

/* Begin PBXCopyFilesBuildPhase section */
		C0D0D9322C7334BC00E28C4D /* Embed Foundation Extensions */ = {
			isa = PBXCopyFilesBuildPhase;
			buildActionMask = 2147483647;
			dstPath = "";
			dstSubfolderSpec = 13;
			files = (
				C0D0D9312C7334BC00E28C4D /* FinanceWidgetExtension.appex in Embed Foundation Extensions */,
			);
			name = "Embed Foundation Extensions";
			runOnlyForDeploymentPostprocessing = 0;
		};
/* End PBXCopyFilesBuildPhase section */

/* Begin PBXFileReference section */
		C01130332C70B6FA00D316E9 /* SummaryView.swift */ = {isa = PBXFileReference; lastKnownFileType = sourcecode.swift; path = SummaryView.swift; sourceTree = "<group>"; };
		C01383512C5EBA770008341A /* Finance TrackerTests.xctest */ = {isa = PBXFileReference; explicitFileType = wrapper.cfbundle; includeInIndex = 0; path = "Finance TrackerTests.xctest"; sourceTree = BUILT_PRODUCTS_DIR; };
		C018047D2C5D38420025BD03 /* FinanceType.swift */ = {isa = PBXFileReference; lastKnownFileType = sourcecode.swift; path = FinanceType.swift; sourceTree = "<group>"; };
		C0264D882C7F95DE00CDFD0E /* CategoryBarChartView.swift */ = {isa = PBXFileReference; lastKnownFileType = sourcecode.swift; path = CategoryBarChartView.swift; sourceTree = "<group>"; };
		C0264D8A2C7F961100CDFD0E /* InfoCardView.swift */ = {isa = PBXFileReference; lastKnownFileType = sourcecode.swift; path = InfoCardView.swift; sourceTree = "<group>"; };
		C0264D8C2C7F964700CDFD0E /* DatePickerView.swift */ = {isa = PBXFileReference; lastKnownFileType = sourcecode.swift; path = DatePickerView.swift; sourceTree = "<group>"; };
		C0264D902C7FA6CD00CDFD0E /* FinanceIconView.swift */ = {isa = PBXFileReference; lastKnownFileType = sourcecode.swift; path = FinanceIconView.swift; sourceTree = "<group>"; };
		C02BE7142C8C5407004738B9 /* CoinsView.swift */ = {isa = PBXFileReference; fileEncoding = 4; lastKnownFileType = sourcecode.swift; path = CoinsView.swift; sourceTree = "<group>"; };
		C02BE71B2C8C543B004738B9 /* tr */ = {isa = PBXFileReference; lastKnownFileType = text.plist.strings; name = tr; path = Localization/tr.lproj/InfoPlist.strings; sourceTree = "<group>"; };
		C02BE71C2C8C543B004738B9 /* en */ = {isa = PBXFileReference; lastKnownFileType = text.plist.strings; name = en; path = Localization/en.lproj/InfoPlist.strings; sourceTree = "<group>"; };
		C02BE71E2C8C543B004738B9 /* tr */ = {isa = PBXFileReference; lastKnownFileType = text.plist.strings; name = tr; path = Localization/tr.lproj/Localizable.strings; sourceTree = "<group>"; };
		C02BE71F2C8C543B004738B9 /* en */ = {isa = PBXFileReference; lastKnownFileType = text.plist.strings; name = en; path = Localization/en.lproj/Localizable.strings; sourceTree = "<group>"; };
		C02BE7222C8C5460004738B9 /* HorizontalCoinList.swift */ = {isa = PBXFileReference; fileEncoding = 4; lastKnownFileType = sourcecode.swift; path = HorizontalCoinList.swift; sourceTree = "<group>"; };
		C02BE7232C8C5460004738B9 /* SectionHeader.swift */ = {isa = PBXFileReference; fileEncoding = 4; lastKnownFileType = sourcecode.swift; path = SectionHeader.swift; sourceTree = "<group>"; };
		C02BE7242C8C5460004738B9 /* CoinCard.swift */ = {isa = PBXFileReference; fileEncoding = 4; lastKnownFileType = sourcecode.swift; path = CoinCard.swift; sourceTree = "<group>"; };
		C02BE7252C8C5460004738B9 /* ResponseView.swift */ = {isa = PBXFileReference; fileEncoding = 4; lastKnownFileType = sourcecode.swift; path = ResponseView.swift; sourceTree = "<group>"; };
		C02BE7262C8C5460004738B9 /* PromptInputView.swift */ = {isa = PBXFileReference; fileEncoding = 4; lastKnownFileType = sourcecode.swift; path = PromptInputView.swift; sourceTree = "<group>"; };
		C02BE7272C8C5460004738B9 /* WelcomeMessage.swift */ = {isa = PBXFileReference; fileEncoding = 4; lastKnownFileType = sourcecode.swift; path = WelcomeMessage.swift; sourceTree = "<group>"; };
		C02BE7282C8C5460004738B9 /* CoinRow.swift */ = {isa = PBXFileReference; fileEncoding = 4; lastKnownFileType = sourcecode.swift; path = CoinRow.swift; sourceTree = "<group>"; };
		C02BE7302C8C547E004738B9 /* APIKey.swift */ = {isa = PBXFileReference; fileEncoding = 4; lastKnownFileType = sourcecode.swift; path = APIKey.swift; sourceTree = "<group>"; };
		C02BE7312C8C547E004738B9 /* CoinError.swift */ = {isa = PBXFileReference; fileEncoding = 4; lastKnownFileType = sourcecode.swift; path = CoinError.swift; sourceTree = "<group>"; };
		C02BE7342C8C549A004738B9 /* AIView.swift */ = {isa = PBXFileReference; fileEncoding = 4; lastKnownFileType = sourcecode.swift; path = AIView.swift; sourceTree = "<group>"; };
		C02BE7352C8C549A004738B9 /* Coin.swift */ = {isa = PBXFileReference; fileEncoding = 4; lastKnownFileType = sourcecode.swift; path = Coin.swift; sourceTree = "<group>"; };
		C02BE7362C8C549A004738B9 /* GenerativeAI-Info.plist */ = {isa = PBXFileReference; fileEncoding = 4; lastKnownFileType = text.plist.xml; path = "GenerativeAI-Info.plist"; sourceTree = "<group>"; };
		C02BE7372C8C549A004738B9 /* CoinViewModel.swift */ = {isa = PBXFileReference; fileEncoding = 4; lastKnownFileType = sourcecode.swift; path = CoinViewModel.swift; sourceTree = "<group>"; };
		C02BE7392C8C549A004738B9 /* CoinService.swift */ = {isa = PBXFileReference; fileEncoding = 4; lastKnownFileType = sourcecode.swift; path = CoinService.swift; sourceTree = "<group>"; };
		C02BE7432C8C551F004738B9 /* Constants.swift */ = {isa = PBXFileReference; lastKnownFileType = sourcecode.swift; path = Constants.swift; sourceTree = "<group>"; };
		C02BE74D2C8C5708004738B9 /* OnBoardingView.swift */ = {isa = PBXFileReference; lastKnownFileType = sourcecode.swift; path = OnBoardingView.swift; sourceTree = "<group>"; };
		C02BE74F2C8C571F004738B9 /* UIOnboardingHelper.swift */ = {isa = PBXFileReference; lastKnownFileType = sourcecode.swift; path = UIOnboardingHelper.swift; sourceTree = "<group>"; };
		C02F2F292C6C9AAE006D8741 /* Finance-Tracker-Info.plist */ = {isa = PBXFileReference; lastKnownFileType = text.plist; path = "Finance-Tracker-Info.plist"; sourceTree = SOURCE_ROOT; };
		C03DA92C2C80BD5F00E9E4DB /* FinanceWidgetEntryView.swift */ = {isa = PBXFileReference; lastKnownFileType = sourcecode.swift; path = FinanceWidgetEntryView.swift; sourceTree = "<group>"; };
		C04E528E2C541F7200566111 /* Double+Extension.swift */ = {isa = PBXFileReference; lastKnownFileType = sourcecode.swift; path = "Double+Extension.swift"; sourceTree = "<group>"; };
		C04E52912C542E8700566111 /* NavigationAppearance.swift */ = {isa = PBXFileReference; lastKnownFileType = sourcecode.swift; path = NavigationAppearance.swift; sourceTree = "<group>"; };
		C05563792C6BDB0700CA13AA /* NotificationManager.swift */ = {isa = PBXFileReference; lastKnownFileType = sourcecode.swift; path = NotificationManager.swift; sourceTree = "<group>"; };
		C055637D2C6BE72500CA13AA /* Reminder.swift */ = {isa = PBXFileReference; lastKnownFileType = sourcecode.swift; path = Reminder.swift; sourceTree = "<group>"; };
		C05563802C6BEB7800CA13AA /* ReminderViewModel.swift */ = {isa = PBXFileReference; lastKnownFileType = sourcecode.swift; path = ReminderViewModel.swift; sourceTree = "<group>"; };
		C06263502C5AA8C1001090CB /* TabItem.swift */ = {isa = PBXFileReference; lastKnownFileType = sourcecode.swift; path = TabItem.swift; sourceTree = "<group>"; };
		C06B6D2B2C6D2961008C248A /* CalculateViewModel.swift */ = {isa = PBXFileReference; lastKnownFileType = sourcecode.swift; path = CalculateViewModel.swift; sourceTree = "<group>"; };
		C092008D2C6CE1680053331C /* AdCoordinator.swift */ = {isa = PBXFileReference; lastKnownFileType = sourcecode.swift; path = AdCoordinator.swift; sourceTree = "<group>"; };
		C0A2EA742C4FA77900DB9A14 /* CircularProgressView.swift */ = {isa = PBXFileReference; lastKnownFileType = sourcecode.swift; path = CircularProgressView.swift; sourceTree = "<group>"; };
		C0A2EA802C4FC34900DB9A14 /* Number+Extension.swift */ = {isa = PBXFileReference; lastKnownFileType = sourcecode.swift; path = "Number+Extension.swift"; sourceTree = "<group>"; };
		C0A2EA822C4FC35600DB9A14 /* Date+Extension.swift */ = {isa = PBXFileReference; lastKnownFileType = sourcecode.swift; path = "Date+Extension.swift"; sourceTree = "<group>"; };
		C0A2EA842C4FC38900DB9A14 /* Color+Extension.swift */ = {isa = PBXFileReference; lastKnownFileType = sourcecode.swift; path = "Color+Extension.swift"; sourceTree = "<group>"; };
		C0A2EAAF2C4FD41900DB9A14 /* String+Extension.swift */ = {isa = PBXFileReference; lastKnownFileType = sourcecode.swift; path = "String+Extension.swift"; sourceTree = "<group>"; };
		C0A81BC32C501E9B005AF972 /* CategoriesViewModel.swift */ = {isa = PBXFileReference; lastKnownFileType = sourcecode.swift; path = CategoriesViewModel.swift; sourceTree = "<group>"; };
		C0CCC0752C6DE3DF00F03AA3 /* BannerView.swift */ = {isa = PBXFileReference; lastKnownFileType = sourcecode.swift; path = BannerView.swift; sourceTree = "<group>"; };
		C0D0D9222C7334BB00E28C4D /* FinanceWidgetExtension.appex */ = {isa = PBXFileReference; explicitFileType = "wrapper.app-extension"; includeInIndex = 0; path = FinanceWidgetExtension.appex; sourceTree = BUILT_PRODUCTS_DIR; };
		C0D0D9232C7334BB00E28C4D /* WidgetKit.framework */ = {isa = PBXFileReference; lastKnownFileType = wrapper.framework; name = WidgetKit.framework; path = System/Library/Frameworks/WidgetKit.framework; sourceTree = SDKROOT; };
		C0D0D9252C7334BB00E28C4D /* SwiftUI.framework */ = {isa = PBXFileReference; lastKnownFileType = wrapper.framework; name = SwiftUI.framework; path = System/Library/Frameworks/SwiftUI.framework; sourceTree = SDKROOT; };
		C0D0D9282C7334BB00E28C4D /* FinanceWidgetBundle.swift */ = {isa = PBXFileReference; lastKnownFileType = sourcecode.swift; path = FinanceWidgetBundle.swift; sourceTree = "<group>"; };
		C0D0D92A2C7334BB00E28C4D /* FinanceWidget.swift */ = {isa = PBXFileReference; lastKnownFileType = sourcecode.swift; path = FinanceWidget.swift; sourceTree = "<group>"; };
		C0D0D92C2C7334BC00E28C4D /* Assets.xcassets */ = {isa = PBXFileReference; lastKnownFileType = folder.assetcatalog; path = Assets.xcassets; sourceTree = "<group>"; };
		C0D0D92E2C7334BC00E28C4D /* Info.plist */ = {isa = PBXFileReference; lastKnownFileType = text.plist.xml; path = Info.plist; sourceTree = "<group>"; };
		C0D0D93A2C733B0D00E28C4D /* Finance Tracker.entitlements */ = {isa = PBXFileReference; lastKnownFileType = text.plist.entitlements; path = "Finance Tracker.entitlements"; sourceTree = "<group>"; };
		C0D0D93B2C733B2C00E28C4D /* FinanceWidgetExtension.entitlements */ = {isa = PBXFileReference; lastKnownFileType = text.plist.entitlements; path = FinanceWidgetExtension.entitlements; sourceTree = "<group>"; };
		C0D3B8EB2C5E985D00F5D52C /* Finance TrackerUITests.xctest */ = {isa = PBXFileReference; explicitFileType = wrapper.cfbundle; includeInIndex = 0; path = "Finance TrackerUITests.xctest"; sourceTree = BUILT_PRODUCTS_DIR; };
		C0D3B8ED2C5E985D00F5D52C /* Finance_TrackerUITests.swift */ = {isa = PBXFileReference; lastKnownFileType = sourcecode.swift; path = Finance_TrackerUITests.swift; sourceTree = "<group>"; };
		C0D3B8EF2C5E985D00F5D52C /* Finance_TrackerUITestsLaunchTests.swift */ = {isa = PBXFileReference; lastKnownFileType = sourcecode.swift; path = Finance_TrackerUITestsLaunchTests.swift; sourceTree = "<group>"; };
		C0D9031A2C4ED80A00D9AAE4 /* Finance Tracker.app */ = {isa = PBXFileReference; explicitFileType = wrapper.application; includeInIndex = 0; path = "Finance Tracker.app"; sourceTree = BUILT_PRODUCTS_DIR; };
		C0D9031D2C4ED80A00D9AAE4 /* Finance_TrackerApp.swift */ = {isa = PBXFileReference; lastKnownFileType = sourcecode.swift; path = Finance_TrackerApp.swift; sourceTree = "<group>"; };
		C0D9031F2C4ED80A00D9AAE4 /* TabBar.swift */ = {isa = PBXFileReference; lastKnownFileType = sourcecode.swift; path = TabBar.swift; sourceTree = "<group>"; };
		C0D903212C4ED80B00D9AAE4 /* Assets.xcassets */ = {isa = PBXFileReference; lastKnownFileType = folder.assetcatalog; path = Assets.xcassets; sourceTree = "<group>"; };
		C0D903242C4ED80B00D9AAE4 /* Preview Assets.xcassets */ = {isa = PBXFileReference; lastKnownFileType = folder.assetcatalog; path = "Preview Assets.xcassets"; sourceTree = "<group>"; };
		C0D9032B2C4ED95B00D9AAE4 /* Finance.swift */ = {isa = PBXFileReference; lastKnownFileType = sourcecode.swift; path = Finance.swift; sourceTree = "<group>"; };
		C0D9032D2C4ED9A300D9AAE4 /* Category.swift */ = {isa = PBXFileReference; lastKnownFileType = sourcecode.swift; path = Category.swift; sourceTree = "<group>"; };
		C0D9032F2C4EDBBA00D9AAE4 /* FinanceView.swift */ = {isa = PBXFileReference; lastKnownFileType = sourcecode.swift; path = FinanceView.swift; sourceTree = "<group>"; };
		C0D903312C4EDC2C00D9AAE4 /* CategoriesView.swift */ = {isa = PBXFileReference; lastKnownFileType = sourcecode.swift; path = CategoriesView.swift; sourceTree = "<group>"; };
		C0D903332C4EDE5000D9AAE4 /* GroupedFinances.swift */ = {isa = PBXFileReference; lastKnownFileType = sourcecode.swift; path = GroupedFinances.swift; sourceTree = "<group>"; };
		C0D903352C4EE0A500D9AAE4 /* AddFinanceView.swift */ = {isa = PBXFileReference; lastKnownFileType = sourcecode.swift; path = AddFinanceView.swift; sourceTree = "<group>"; };
		C0D903372C4EE97B00D9AAE4 /* FinanceCardView.swift */ = {isa = PBXFileReference; lastKnownFileType = sourcecode.swift; path = FinanceCardView.swift; sourceTree = "<group>"; };
		C0E107492C515BEB009AE8D1 /* AddFinanceViewModel.swift */ = {isa = PBXFileReference; lastKnownFileType = sourcecode.swift; path = AddFinanceViewModel.swift; sourceTree = "<group>"; };
		C0E1074B2C515F53009AE8D1 /* FinanceViewModel.swift */ = {isa = PBXFileReference; lastKnownFileType = sourcecode.swift; path = FinanceViewModel.swift; sourceTree = "<group>"; };
		C0EBE7412C6BF8F400829ED0 /* ReminderView.swift */ = {isa = PBXFileReference; lastKnownFileType = sourcecode.swift; path = ReminderView.swift; sourceTree = "<group>"; };
		C0EBE7462C6BFAB500829ED0 /* notfound.json */ = {isa = PBXFileReference; fileEncoding = 4; lastKnownFileType = text.json; path = notfound.json; sourceTree = "<group>"; };
		C0EBE7492C6C03E200829ED0 /* AddReminderView.swift */ = {isa = PBXFileReference; lastKnownFileType = sourcecode.swift; path = AddReminderView.swift; sourceTree = "<group>"; };
		C0F34BE12C71E261004D31C4 /* CalendarView.swift */ = {isa = PBXFileReference; lastKnownFileType = sourcecode.swift; path = CalendarView.swift; sourceTree = "<group>"; };
/* End PBXFileReference section */

/* Begin PBXFrameworksBuildPhase section */
		C013834E2C5EBA770008341A /* Frameworks */ = {
			isa = PBXFrameworksBuildPhase;
			buildActionMask = 2147483647;
			files = (
			);
			runOnlyForDeploymentPostprocessing = 0;
		};
		C0D0D91F2C7334BB00E28C4D /* Frameworks */ = {
			isa = PBXFrameworksBuildPhase;
			buildActionMask = 2147483647;
			files = (
				C0D0D9262C7334BB00E28C4D /* SwiftUI.framework in Frameworks */,
				C0D0D9242C7334BB00E28C4D /* WidgetKit.framework in Frameworks */,
			);
			runOnlyForDeploymentPostprocessing = 0;
		};
		C0D3B8E82C5E985D00F5D52C /* Frameworks */ = {
			isa = PBXFrameworksBuildPhase;
			buildActionMask = 2147483647;
			files = (
			);
			runOnlyForDeploymentPostprocessing = 0;
		};
		C0D903172C4ED80A00D9AAE4 /* Frameworks */ = {
			isa = PBXFrameworksBuildPhase;
			buildActionMask = 2147483647;
			files = (
				C02BE7422C8C54D6004738B9 /* GoogleGenerativeAI in Frameworks */,
				C02F2F2C2C6CB4F2006D8741 /* GoogleMobileAds in Frameworks */,
				C009D2AD2C8057CD00549338 /* Alamofire in Frameworks */,
				C01F66F32C74930D0090ADF3 /* UIOnboarding in Frameworks */,
				C0EBE7442C6BF93200829ED0 /* Lottie in Frameworks */,
			);
			runOnlyForDeploymentPostprocessing = 0;
		};
/* End PBXFrameworksBuildPhase section */

/* Begin PBXGroup section */
		C02323322C58D45A00943FEF /* Frameworks */ = {
			isa = PBXGroup;
			children = (
				C0D0D9232C7334BB00E28C4D /* WidgetKit.framework */,
				C0D0D9252C7334BB00E28C4D /* SwiftUI.framework */,
			);
			name = Frameworks;
			sourceTree = "<group>";
		};
		C027F28B2C4F86FF004E539E /* Views */ = {
			isa = PBXGroup;
			children = (
				C02BE7342C8C549A004738B9 /* AIView.swift */,
				C02BE7142C8C5407004738B9 /* CoinsView.swift */,
				C0D903352C4EE0A500D9AAE4 /* AddFinanceView.swift */,
				C0D903312C4EDC2C00D9AAE4 /* CategoriesView.swift */,
				C0D9032F2C4EDBBA00D9AAE4 /* FinanceView.swift */,
				C0EBE7412C6BF8F400829ED0 /* ReminderView.swift */,
				C0EBE7492C6C03E200829ED0 /* AddReminderView.swift */,
				C0CCC0752C6DE3DF00F03AA3 /* BannerView.swift */,
				C01130332C70B6FA00D316E9 /* SummaryView.swift */,
				C0F34BE12C71E261004D31C4 /* CalendarView.swift */,
				C03DA92C2C80BD5F00E9E4DB /* FinanceWidgetEntryView.swift */,
			);
			path = Views;
			sourceTree = "<group>";
		};
		C027F28D2C4F8711004E539E /* Models */ = {
			isa = PBXGroup;
			children = (
				C02BE7352C8C549A004738B9 /* Coin.swift */,
				C0D903332C4EDE5000D9AAE4 /* GroupedFinances.swift */,
				C0D9032B2C4ED95B00D9AAE4 /* Finance.swift */,
				C0D9032D2C4ED9A300D9AAE4 /* Category.swift */,
				C055637D2C6BE72500CA13AA /* Reminder.swift */,
			);
			path = Models;
			sourceTree = "<group>";
		};
		C027F28E2C4F8787004E539E /* Extensions */ = {
			isa = PBXGroup;
			children = (
				C0A2EA802C4FC34900DB9A14 /* Number+Extension.swift */,
				C0A2EA822C4FC35600DB9A14 /* Date+Extension.swift */,
				C0A2EA842C4FC38900DB9A14 /* Color+Extension.swift */,
				C0A2EAAF2C4FD41900DB9A14 /* String+Extension.swift */,
				C04E528E2C541F7200566111 /* Double+Extension.swift */,
			);
			path = Extensions;
			sourceTree = "<group>";
		};
		C02BE7472C8C5618004738B9 /* Constants */ = {
			isa = PBXGroup;
			children = (
				C02BE7432C8C551F004738B9 /* Constants.swift */,
			);
			path = Constants;
			sourceTree = "<group>";
		};
		C02BE74A2C8C56D9004738B9 /* Helpers */ = {
			isa = PBXGroup;
			children = (
				C02BE74D2C8C5708004738B9 /* OnBoardingView.swift */,
				C02BE74F2C8C571F004738B9 /* UIOnboardingHelper.swift */,
			);
			path = Helpers;
			sourceTree = "<group>";
		};
		C02BE7522C8C58BB004738B9 /* Core */ = {
			isa = PBXGroup;
			children = (
				C027F28E2C4F8787004E539E /* Extensions */,
				C02BE7472C8C5618004738B9 /* Constants */,
				C04E52962C5433FE00566111 /* Utilities */,
			);
			path = Core;
			sourceTree = "<group>";
		};
		C02F2F2F2C6CB61B006D8741 /* Admob */ = {
			isa = PBXGroup;
			children = (
				C092008D2C6CE1680053331C /* AdCoordinator.swift */,
			);
			name = Admob;
			path = Enums/Admob;
			sourceTree = "<group>";
		};
		C04E52932C5430EA00566111 /* Enums */ = {
			isa = PBXGroup;
			children = (
				C02BE7312C8C547E004738B9 /* CoinError.swift */,
				C02BE7302C8C547E004738B9 /* APIKey.swift */,
				C06263502C5AA8C1001090CB /* TabItem.swift */,
				C018047D2C5D38420025BD03 /* FinanceType.swift */,
			);
			path = Enums;
			sourceTree = "<group>";
		};
		C04E52962C5433FE00566111 /* Utilities */ = {
			isa = PBXGroup;
			children = (
				C04E52912C542E8700566111 /* NavigationAppearance.swift */,
			);
			path = Utilities;
			sourceTree = "<group>";
		};
		C0A2EA862C4FC70C00DB9A14 /* Components */ = {
			isa = PBXGroup;
			children = (
				C02BE7242C8C5460004738B9 /* CoinCard.swift */,
				C02BE7282C8C5460004738B9 /* CoinRow.swift */,
				C02BE7222C8C5460004738B9 /* HorizontalCoinList.swift */,
				C02BE7262C8C5460004738B9 /* PromptInputView.swift */,
				C02BE7252C8C5460004738B9 /* ResponseView.swift */,
				C02BE7232C8C5460004738B9 /* SectionHeader.swift */,
				C02BE7272C8C5460004738B9 /* WelcomeMessage.swift */,
				C0D903372C4EE97B00D9AAE4 /* FinanceCardView.swift */,
				C0A2EA742C4FA77900DB9A14 /* CircularProgressView.swift */,
				C0D9031F2C4ED80A00D9AAE4 /* TabBar.swift */,
				C0264D882C7F95DE00CDFD0E /* CategoryBarChartView.swift */,
				C0264D8A2C7F961100CDFD0E /* InfoCardView.swift */,
				C0264D8C2C7F964700CDFD0E /* DatePickerView.swift */,
				C0264D902C7FA6CD00CDFD0E /* FinanceIconView.swift */,
			);
			path = Components;
			sourceTree = "<group>";
		};
		C0A2EAAA2C4FD03000DB9A14 /* ViewModels */ = {
			isa = PBXGroup;
			children = (
				C02BE7372C8C549A004738B9 /* CoinViewModel.swift */,
				C0A81BC32C501E9B005AF972 /* CategoriesViewModel.swift */,
				C0E107492C515BEB009AE8D1 /* AddFinanceViewModel.swift */,
				C0E1074B2C515F53009AE8D1 /* FinanceViewModel.swift */,
				C05563802C6BEB7800CA13AA /* ReminderViewModel.swift */,
				C06B6D2B2C6D2961008C248A /* CalculateViewModel.swift */,
			);
			path = ViewModels;
			sourceTree = "<group>";
		};
		C0A441B02C6660E300005E18 /* Services */ = {
			isa = PBXGroup;
			children = (
				C02BE7392C8C549A004738B9 /* CoinService.swift */,
				C05563792C6BDB0700CA13AA /* NotificationManager.swift */,
			);
			path = Services;
			sourceTree = "<group>";
		};
		C0D0D9272C7334BB00E28C4D /* FinanceWidget */ = {
			isa = PBXGroup;
			children = (
				C0D0D9282C7334BB00E28C4D /* FinanceWidgetBundle.swift */,
				C0D0D92A2C7334BB00E28C4D /* FinanceWidget.swift */,
				C0D0D92C2C7334BC00E28C4D /* Assets.xcassets */,
				C0D0D92E2C7334BC00E28C4D /* Info.plist */,
			);
			path = FinanceWidget;
			sourceTree = "<group>";
		};
		C0D3B8EC2C5E985D00F5D52C /* Finance TrackerUITests */ = {
			isa = PBXGroup;
			children = (
				C0D3B8ED2C5E985D00F5D52C /* Finance_TrackerUITests.swift */,
				C0D3B8EF2C5E985D00F5D52C /* Finance_TrackerUITestsLaunchTests.swift */,
			);
			path = "Finance TrackerUITests";
			sourceTree = "<group>";
		};
		C0D903112C4ED80A00D9AAE4 = {
			isa = PBXGroup;
			children = (
				C0D0D93B2C733B2C00E28C4D /* FinanceWidgetExtension.entitlements */,
				C0D9031C2C4ED80A00D9AAE4 /* Finance Tracker */,
				C0D3B8EC2C5E985D00F5D52C /* Finance TrackerUITests */,
				C0D0D9272C7334BB00E28C4D /* FinanceWidget */,
				C0D9031B2C4ED80A00D9AAE4 /* Products */,
				C02323322C58D45A00943FEF /* Frameworks */,
			);
			sourceTree = "<group>";
		};
		C0D9031B2C4ED80A00D9AAE4 /* Products */ = {
			isa = PBXGroup;
			children = (
				C0D9031A2C4ED80A00D9AAE4 /* Finance Tracker.app */,
				C0D3B8EB2C5E985D00F5D52C /* Finance TrackerUITests.xctest */,
				C01383512C5EBA770008341A /* Finance TrackerTests.xctest */,
				C0D0D9222C7334BB00E28C4D /* FinanceWidgetExtension.appex */,
			);
			name = Products;
			sourceTree = "<group>";
		};
		C0D9031C2C4ED80A00D9AAE4 /* Finance Tracker */ = {
			isa = PBXGroup;
			children = (
				C02BE7362C8C549A004738B9 /* GenerativeAI-Info.plist */,
				C02F2F292C6C9AAE006D8741 /* Finance-Tracker-Info.plist */,
				C02BE71A2C8C543B004738B9 /* InfoPlist.strings */,
				C02BE71D2C8C543B004738B9 /* Localizable.strings */,
				C0D0D93A2C733B0D00E28C4D /* Finance Tracker.entitlements */,
				C02BE7522C8C58BB004738B9 /* Core */,
				C0A441B02C6660E300005E18 /* Services */,
				C02BE74A2C8C56D9004738B9 /* Helpers */,
				C02F2F2F2C6CB61B006D8741 /* Admob */,
				C0EBE7452C6BFAA000829ED0 /* Resources */,
				C0A2EA862C4FC70C00DB9A14 /* Components */,
				C04E52932C5430EA00566111 /* Enums */,
				C0A2EAAA2C4FD03000DB9A14 /* ViewModels */,
				C027F28D2C4F8711004E539E /* Models */,
				C027F28B2C4F86FF004E539E /* Views */,
				C0D9031D2C4ED80A00D9AAE4 /* Finance_TrackerApp.swift */,
				C0D903212C4ED80B00D9AAE4 /* Assets.xcassets */,
				C0D903232C4ED80B00D9AAE4 /* Preview Content */,
			);
			path = "Finance Tracker";
			sourceTree = "<group>";
		};
		C0D903232C4ED80B00D9AAE4 /* Preview Content */ = {
			isa = PBXGroup;
			children = (
				C0D903242C4ED80B00D9AAE4 /* Preview Assets.xcassets */,
			);
			path = "Preview Content";
			sourceTree = "<group>";
		};
		C0EBE7452C6BFAA000829ED0 /* Resources */ = {
			isa = PBXGroup;
			children = (
				C0EBE7462C6BFAB500829ED0 /* notfound.json */,
			);
			path = Resources;
			sourceTree = "<group>";
		};
/* End PBXGroup section */

/* Begin PBXNativeTarget section */
		C01383502C5EBA770008341A /* Finance TrackerTests */ = {
			isa = PBXNativeTarget;
			buildConfigurationList = C01383592C5EBA770008341A /* Build configuration list for PBXNativeTarget "Finance TrackerTests" */;
			buildPhases = (
				C013834D2C5EBA770008341A /* Sources */,
				C013834E2C5EBA770008341A /* Frameworks */,
				C013834F2C5EBA770008341A /* Resources */,
			);
			buildRules = (
			);
			dependencies = (
				C01383562C5EBA770008341A /* PBXTargetDependency */,
			);
			name = "Finance TrackerTests";
			packageProductDependencies = (
			);
			productName = "Finance TrackerTests";
			productReference = C01383512C5EBA770008341A /* Finance TrackerTests.xctest */;
			productType = "com.apple.product-type.bundle.unit-test";
		};
		C0D0D9212C7334BB00E28C4D /* FinanceWidgetExtension */ = {
			isa = PBXNativeTarget;
			buildConfigurationList = C0D0D9352C7334BC00E28C4D /* Build configuration list for PBXNativeTarget "FinanceWidgetExtension" */;
			buildPhases = (
				C0D0D91E2C7334BB00E28C4D /* Sources */,
				C0D0D91F2C7334BB00E28C4D /* Frameworks */,
				C0D0D9202C7334BB00E28C4D /* Resources */,
			);
			buildRules = (
			);
			dependencies = (
			);
			name = FinanceWidgetExtension;
			productName = FinanceWidgetExtension;
			productReference = C0D0D9222C7334BB00E28C4D /* FinanceWidgetExtension.appex */;
			productType = "com.apple.product-type.app-extension";
		};
		C0D3B8EA2C5E985D00F5D52C /* Finance TrackerUITests */ = {
			isa = PBXNativeTarget;
			buildConfigurationList = C0D3B8F52C5E985D00F5D52C /* Build configuration list for PBXNativeTarget "Finance TrackerUITests" */;
			buildPhases = (
				C0D3B8E72C5E985D00F5D52C /* Sources */,
				C0D3B8E82C5E985D00F5D52C /* Frameworks */,
				C0D3B8E92C5E985D00F5D52C /* Resources */,
			);
			buildRules = (
			);
			dependencies = (
				C0D3B8F22C5E985D00F5D52C /* PBXTargetDependency */,
			);
			name = "Finance TrackerUITests";
			productName = "Finance TrackerUITests";
			productReference = C0D3B8EB2C5E985D00F5D52C /* Finance TrackerUITests.xctest */;
			productType = "com.apple.product-type.bundle.ui-testing";
		};
		C0D903192C4ED80A00D9AAE4 /* Finance Tracker */ = {
			isa = PBXNativeTarget;
			buildConfigurationList = C0D903282C4ED80B00D9AAE4 /* Build configuration list for PBXNativeTarget "Finance Tracker" */;
			buildPhases = (
				C0D903162C4ED80A00D9AAE4 /* Sources */,
				C0D903172C4ED80A00D9AAE4 /* Frameworks */,
				C0D903182C4ED80A00D9AAE4 /* Resources */,
				C0D0D9322C7334BC00E28C4D /* Embed Foundation Extensions */,
			);
			buildRules = (
			);
			dependencies = (
				C0D0D9302C7334BC00E28C4D /* PBXTargetDependency */,
			);
			name = "Finance Tracker";
			packageProductDependencies = (
				C0EBE7432C6BF93200829ED0 /* Lottie */,
				C02F2F2B2C6CB4F2006D8741 /* GoogleMobileAds */,
				C01F66F22C74930D0090ADF3 /* UIOnboarding */,
				C009D2AC2C8057CD00549338 /* Alamofire */,
				C02BE7412C8C54D6004738B9 /* GoogleGenerativeAI */,
			);
			productName = "Finance Tracker";
			productReference = C0D9031A2C4ED80A00D9AAE4 /* Finance Tracker.app */;
			productType = "com.apple.product-type.application";
		};
/* End PBXNativeTarget section */

/* Begin PBXProject section */
		C0D903122C4ED80A00D9AAE4 /* Project object */ = {
			isa = PBXProject;
			attributes = {
				BuildIndependentTargetsInParallel = 1;
				LastSwiftUpdateCheck = 1540;
				LastUpgradeCheck = 1540;
				TargetAttributes = {
					C01383502C5EBA770008341A = {
						CreatedOnToolsVersion = 15.4;
						TestTargetID = C0D903192C4ED80A00D9AAE4;
					};
					C0D0D9212C7334BB00E28C4D = {
						CreatedOnToolsVersion = 15.4;
					};
					C0D3B8EA2C5E985D00F5D52C = {
						CreatedOnToolsVersion = 15.4;
						TestTargetID = C0D903192C4ED80A00D9AAE4;
					};
					C0D903192C4ED80A00D9AAE4 = {
						CreatedOnToolsVersion = 15.4;
					};
				};
			};
			buildConfigurationList = C0D903152C4ED80A00D9AAE4 /* Build configuration list for PBXProject "Finance Tracker" */;
			compatibilityVersion = "Xcode 14.0";
			developmentRegion = en;
			hasScannedForEncodings = 0;
			knownRegions = (
				en,
				Base,
				tr,
			);
			mainGroup = C0D903112C4ED80A00D9AAE4;
			packageReferences = (
				C0EBE7402C6BF8C800829ED0 /* XCRemoteSwiftPackageReference "lottie-ios" */,
				C02F2F2A2C6CB179006D8741 /* XCRemoteSwiftPackageReference "swift-package-manager-google-mobile-ads" */,
				C01F66EC2C7492410090ADF3 /* XCRemoteSwiftPackageReference "UIOnboarding" */,
				C009D2AB2C8057BA00549338 /* XCRemoteSwiftPackageReference "Alamofire" */,
				C02BE7402C8C54CF004738B9 /* XCRemoteSwiftPackageReference "generative-ai-swift" */,
			);
			productRefGroup = C0D9031B2C4ED80A00D9AAE4 /* Products */;
			projectDirPath = "";
			projectRoot = "";
			targets = (
				C0D903192C4ED80A00D9AAE4 /* Finance Tracker */,
				C0D3B8EA2C5E985D00F5D52C /* Finance TrackerUITests */,
				C01383502C5EBA770008341A /* Finance TrackerTests */,
				C0D0D9212C7334BB00E28C4D /* FinanceWidgetExtension */,
			);
		};
/* End PBXProject section */

/* Begin PBXResourcesBuildPhase section */
		C013834F2C5EBA770008341A /* Resources */ = {
			isa = PBXResourcesBuildPhase;
			buildActionMask = 2147483647;
			files = (
			);
			runOnlyForDeploymentPostprocessing = 0;
		};
		C0D0D9202C7334BB00E28C4D /* Resources */ = {
			isa = PBXResourcesBuildPhase;
			buildActionMask = 2147483647;
			files = (
				C02BE7452C8C55A1004738B9 /* InfoPlist.strings in Resources */,
				C02BE7462C8C55A1004738B9 /* Localizable.strings in Resources */,
				C0D0D92D2C7334BC00E28C4D /* Assets.xcassets in Resources */,
			);
			runOnlyForDeploymentPostprocessing = 0;
		};
		C0D3B8E92C5E985D00F5D52C /* Resources */ = {
			isa = PBXResourcesBuildPhase;
			buildActionMask = 2147483647;
			files = (
			);
			runOnlyForDeploymentPostprocessing = 0;
		};
		C0D903182C4ED80A00D9AAE4 /* Resources */ = {
			isa = PBXResourcesBuildPhase;
			buildActionMask = 2147483647;
			files = (
				C02BE7202C8C543B004738B9 /* InfoPlist.strings in Resources */,
				C02BE7212C8C543B004738B9 /* Localizable.strings in Resources */,
				C02BE73C2C8C549A004738B9 /* GenerativeAI-Info.plist in Resources */,
				C0D903252C4ED80B00D9AAE4 /* Preview Assets.xcassets in Resources */,
				C0D903222C4ED80B00D9AAE4 /* Assets.xcassets in Resources */,
				C0EBE7472C6BFAB500829ED0 /* notfound.json in Resources */,
			);
			runOnlyForDeploymentPostprocessing = 0;
		};
/* End PBXResourcesBuildPhase section */

/* Begin PBXSourcesBuildPhase section */
		C013834D2C5EBA770008341A /* Sources */ = {
			isa = PBXSourcesBuildPhase;
			buildActionMask = 2147483647;
			files = (
			);
			runOnlyForDeploymentPostprocessing = 0;
		};
		C0D0D91E2C7334BB00E28C4D /* Sources */ = {
			isa = PBXSourcesBuildPhase;
			buildActionMask = 2147483647;
			files = (
				C03DA9322C80C50700E9E4DB /* String+Extension.swift in Sources */,
				C0D0D9382C7336F200E28C4D /* Finance.swift in Sources */,
				C0D0D9392C73371100E28C4D /* Category.swift in Sources */,
				C0D0D92B2C7334BB00E28C4D /* FinanceWidget.swift in Sources */,
				C0D0D9372C73357500E28C4D /* FinanceType.swift in Sources */,
				C03DA92F2C80BD6700E9E4DB /* FinanceWidgetEntryView.swift in Sources */,
				C0D0D9292C7334BB00E28C4D /* FinanceWidgetBundle.swift in Sources */,
				C03DA9312C80C50100E9E4DB /* Number+Extension.swift in Sources */,
			);
			runOnlyForDeploymentPostprocessing = 0;
		};
		C0D3B8E72C5E985D00F5D52C /* Sources */ = {
			isa = PBXSourcesBuildPhase;
			buildActionMask = 2147483647;
			files = (
				C0D3B8F02C5E985D00F5D52C /* Finance_TrackerUITestsLaunchTests.swift in Sources */,
				C0D3B8EE2C5E985D00F5D52C /* Finance_TrackerUITests.swift in Sources */,
			);
			runOnlyForDeploymentPostprocessing = 0;
		};
		C0D903162C4ED80A00D9AAE4 /* Sources */ = {
			isa = PBXSourcesBuildPhase;
			buildActionMask = 2147483647;
			files = (
				C02BE7502C8C571F004738B9 /* UIOnboardingHelper.swift in Sources */,
				C0E1074A2C515BEB009AE8D1 /* AddFinanceViewModel.swift in Sources */,
				C0E1074C2C515F53009AE8D1 /* FinanceViewModel.swift in Sources */,
				C02BE73A2C8C549A004738B9 /* AIView.swift in Sources */,
				C018047E2C5D38430025BD03 /* FinanceType.swift in Sources */,
				C0264D8B2C7F961100CDFD0E /* InfoCardView.swift in Sources */,
				C0264D892C7F95DE00CDFD0E /* CategoryBarChartView.swift in Sources */,
				C0A2EA832C4FC35600DB9A14 /* Date+Extension.swift in Sources */,
				C02BE72E2C8C5460004738B9 /* WelcomeMessage.swift in Sources */,
				C0D9032C2C4ED95B00D9AAE4 /* Finance.swift in Sources */,
				C0D903202C4ED80A00D9AAE4 /* TabBar.swift in Sources */,
				C0EBE7422C6BF8F400829ED0 /* ReminderView.swift in Sources */,
				C02BE73D2C8C549A004738B9 /* CoinViewModel.swift in Sources */,
				C02BE7322C8C547E004738B9 /* APIKey.swift in Sources */,
				C0D903322C4EDC2C00D9AAE4 /* CategoriesView.swift in Sources */,
				C055637A2C6BDB0700CA13AA /* NotificationManager.swift in Sources */,
				C02BE73F2C8C549A004738B9 /* CoinService.swift in Sources */,
				C02BE7332C8C547E004738B9 /* CoinError.swift in Sources */,
				C0A2EA752C4FA77900DB9A14 /* CircularProgressView.swift in Sources */,
				C01130342C70B6FA00D316E9 /* SummaryView.swift in Sources */,
				C03DA92D2C80BD5F00E9E4DB /* FinanceWidgetEntryView.swift in Sources */,
				C0264D912C7FA6CD00CDFD0E /* FinanceIconView.swift in Sources */,
				C0D903362C4EE0A500D9AAE4 /* AddFinanceView.swift in Sources */,
				C0A81BC42C501E9B005AF972 /* CategoriesViewModel.swift in Sources */,
				C02BE7152C8C5407004738B9 /* CoinsView.swift in Sources */,
				C0D903342C4EDE5000D9AAE4 /* GroupedFinances.swift in Sources */,
				C055637E2C6BE72500CA13AA /* Reminder.swift in Sources */,
				C02BE72B2C8C5460004738B9 /* CoinCard.swift in Sources */,
				C06B6D2C2C6D2961008C248A /* CalculateViewModel.swift in Sources */,
				C0A2EA812C4FC34900DB9A14 /* Number+Extension.swift in Sources */,
				C02BE72C2C8C5460004738B9 /* ResponseView.swift in Sources */,
				C0D9031E2C4ED80A00D9AAE4 /* Finance_TrackerApp.swift in Sources */,
				C05563812C6BEB7800CA13AA /* ReminderViewModel.swift in Sources */,
				C0D903302C4EDBBA00D9AAE4 /* FinanceView.swift in Sources */,
				C04E528F2C541F7200566111 /* Double+Extension.swift in Sources */,
				C02BE74E2C8C5708004738B9 /* OnBoardingView.swift in Sources */,
				C0D9032E2C4ED9A300D9AAE4 /* Category.swift in Sources */,
				C02BE73B2C8C549A004738B9 /* Coin.swift in Sources */,
				C0A2EA852C4FC38900DB9A14 /* Color+Extension.swift in Sources */,
				C04E52922C542E8700566111 /* NavigationAppearance.swift in Sources */,
				C092008E2C6CE1680053331C /* AdCoordinator.swift in Sources */,
				C0EBE74A2C6C03E200829ED0 /* AddReminderView.swift in Sources */,
				C02BE72F2C8C5460004738B9 /* CoinRow.swift in Sources */,
				C02BE72D2C8C5460004738B9 /* PromptInputView.swift in Sources */,
				C0F34BE22C71E261004D31C4 /* CalendarView.swift in Sources */,
				C0264D8D2C7F964700CDFD0E /* DatePickerView.swift in Sources */,
				C0A2EAB02C4FD41900DB9A14 /* String+Extension.swift in Sources */,
				C0CCC0762C6DE3DF00F03AA3 /* BannerView.swift in Sources */,
				C0D903382C4EE97B00D9AAE4 /* FinanceCardView.swift in Sources */,
				C02BE72A2C8C5460004738B9 /* SectionHeader.swift in Sources */,
				C03DA92B2C80BD3B00E9E4DB /* FinanceWidget.swift in Sources */,
				C06263512C5AA8C1001090CB /* TabItem.swift in Sources */,
				C02BE7292C8C5460004738B9 /* HorizontalCoinList.swift in Sources */,
				C02BE7442C8C551F004738B9 /* Constants.swift in Sources */,
			);
			runOnlyForDeploymentPostprocessing = 0;
		};
/* End PBXSourcesBuildPhase section */

/* Begin PBXTargetDependency section */
		C01383562C5EBA770008341A /* PBXTargetDependency */ = {
			isa = PBXTargetDependency;
			target = C0D903192C4ED80A00D9AAE4 /* Finance Tracker */;
			targetProxy = C01383552C5EBA770008341A /* PBXContainerItemProxy */;
		};
		C0D0D9302C7334BC00E28C4D /* PBXTargetDependency */ = {
			isa = PBXTargetDependency;
			target = C0D0D9212C7334BB00E28C4D /* FinanceWidgetExtension */;
			targetProxy = C0D0D92F2C7334BC00E28C4D /* PBXContainerItemProxy */;
		};
		C0D3B8F22C5E985D00F5D52C /* PBXTargetDependency */ = {
			isa = PBXTargetDependency;
			target = C0D903192C4ED80A00D9AAE4 /* Finance Tracker */;
			targetProxy = C0D3B8F12C5E985D00F5D52C /* PBXContainerItemProxy */;
		};
/* End PBXTargetDependency section */

/* Begin PBXVariantGroup section */
		C02BE71A2C8C543B004738B9 /* InfoPlist.strings */ = {
			isa = PBXVariantGroup;
			children = (
				C02BE71B2C8C543B004738B9 /* tr */,
				C02BE71C2C8C543B004738B9 /* en */,
			);
			name = InfoPlist.strings;
			sourceTree = "<group>";
		};
		C02BE71D2C8C543B004738B9 /* Localizable.strings */ = {
			isa = PBXVariantGroup;
			children = (
				C02BE71E2C8C543B004738B9 /* tr */,
				C02BE71F2C8C543B004738B9 /* en */,
			);
			name = Localizable.strings;
			sourceTree = "<group>";
		};
/* End PBXVariantGroup section */

/* Begin XCBuildConfiguration section */
		C01383572C5EBA770008341A /* Debug */ = {
			isa = XCBuildConfiguration;
			buildSettings = {
				BUNDLE_LOADER = "$(TEST_HOST)";
				CODE_SIGN_STYLE = Automatic;
				CURRENT_PROJECT_VERSION = 1;
				DEVELOPMENT_TEAM = PQ82KF7KP4;
				GENERATE_INFOPLIST_FILE = YES;
				IPHONEOS_DEPLOYMENT_TARGET = 13.0;
				MARKETING_VERSION = 1.0;
				PRODUCT_BUNDLE_IDENTIFIER = "com.batuhanberkertekin.Finance-TrackerTests";
				PRODUCT_NAME = "$(TARGET_NAME)";
				SWIFT_EMIT_LOC_STRINGS = NO;
				SWIFT_VERSION = 5.0;
				TARGETED_DEVICE_FAMILY = "1,2";
				TEST_HOST = "$(BUILT_PRODUCTS_DIR)/Finance Tracker.app/$(BUNDLE_EXECUTABLE_FOLDER_PATH)/Finance Tracker";
			};
			name = Debug;
		};
		C01383582C5EBA770008341A /* Release */ = {
			isa = XCBuildConfiguration;
			buildSettings = {
				BUNDLE_LOADER = "$(TEST_HOST)";
				CODE_SIGN_STYLE = Automatic;
				CURRENT_PROJECT_VERSION = 1;
				DEVELOPMENT_TEAM = PQ82KF7KP4;
				GENERATE_INFOPLIST_FILE = YES;
				IPHONEOS_DEPLOYMENT_TARGET = 13.0;
				MARKETING_VERSION = 1.0;
				PRODUCT_BUNDLE_IDENTIFIER = "com.batuhanberkertekin.Finance-TrackerTests";
				PRODUCT_NAME = "$(TARGET_NAME)";
				SWIFT_EMIT_LOC_STRINGS = NO;
				SWIFT_VERSION = 5.0;
				TARGETED_DEVICE_FAMILY = "1,2";
				TEST_HOST = "$(BUILT_PRODUCTS_DIR)/Finance Tracker.app/$(BUNDLE_EXECUTABLE_FOLDER_PATH)/Finance Tracker";
			};
			name = Release;
		};
		C0D0D9332C7334BC00E28C4D /* Debug */ = {
			isa = XCBuildConfiguration;
			buildSettings = {
				ASSETCATALOG_COMPILER_GLOBAL_ACCENT_COLOR_NAME = AccentColor;
				ASSETCATALOG_COMPILER_WIDGET_BACKGROUND_COLOR_NAME = WidgetBackground;
				CODE_SIGN_ENTITLEMENTS = FinanceWidgetExtension.entitlements;
				CODE_SIGN_STYLE = Automatic;
				CURRENT_PROJECT_VERSION = 1;
				DEVELOPMENT_TEAM = PQ82KF7KP4;
				GENERATE_INFOPLIST_FILE = YES;
				INFOPLIST_FILE = FinanceWidget/Info.plist;
				INFOPLIST_KEY_CFBundleDisplayName = FinanceWidget;
				INFOPLIST_KEY_NSHumanReadableCopyright = "";
				LD_RUNPATH_SEARCH_PATHS = (
					"$(inherited)",
					"@executable_path/Frameworks",
					"@executable_path/../../Frameworks",
				);
				MARKETING_VERSION = 1.0;
				PRODUCT_BUNDLE_IDENTIFIER = com.batuhanberkertekin.finansdostubutcedostu.FinanceWidget;
				PRODUCT_NAME = "$(TARGET_NAME)";
				SKIP_INSTALL = YES;
				SWIFT_EMIT_LOC_STRINGS = YES;
				SWIFT_VERSION = 5.0;
				TARGETED_DEVICE_FAMILY = "1,2";
			};
			name = Debug;
		};
		C0D0D9342C7334BC00E28C4D /* Release */ = {
			isa = XCBuildConfiguration;
			buildSettings = {
				ASSETCATALOG_COMPILER_GLOBAL_ACCENT_COLOR_NAME = AccentColor;
				ASSETCATALOG_COMPILER_WIDGET_BACKGROUND_COLOR_NAME = WidgetBackground;
				CODE_SIGN_ENTITLEMENTS = FinanceWidgetExtension.entitlements;
				CODE_SIGN_STYLE = Automatic;
				CURRENT_PROJECT_VERSION = 1;
				DEVELOPMENT_TEAM = PQ82KF7KP4;
				GENERATE_INFOPLIST_FILE = YES;
				INFOPLIST_FILE = FinanceWidget/Info.plist;
				INFOPLIST_KEY_CFBundleDisplayName = FinanceWidget;
				INFOPLIST_KEY_NSHumanReadableCopyright = "";
				LD_RUNPATH_SEARCH_PATHS = (
					"$(inherited)",
					"@executable_path/Frameworks",
					"@executable_path/../../Frameworks",
				);
				MARKETING_VERSION = 1.0;
				PRODUCT_BUNDLE_IDENTIFIER = com.batuhanberkertekin.finansdostubutcedostu.FinanceWidget;
				PRODUCT_NAME = "$(TARGET_NAME)";
				SKIP_INSTALL = YES;
				SWIFT_EMIT_LOC_STRINGS = YES;
				SWIFT_VERSION = 5.0;
				TARGETED_DEVICE_FAMILY = "1,2";
			};
			name = Release;
		};
		C0D3B8F32C5E985D00F5D52C /* Debug */ = {
			isa = XCBuildConfiguration;
			buildSettings = {
				CODE_SIGN_STYLE = Automatic;
				CURRENT_PROJECT_VERSION = 1;
				DEVELOPMENT_TEAM = PQ82KF7KP4;
				GENERATE_INFOPLIST_FILE = YES;
				MARKETING_VERSION = 1.0;
				PRODUCT_BUNDLE_IDENTIFIER = "com.batuhanberkertekin.Finance-TrackerUITests";
				PRODUCT_NAME = "$(TARGET_NAME)";
				SWIFT_EMIT_LOC_STRINGS = NO;
				SWIFT_VERSION = 5.0;
				TARGETED_DEVICE_FAMILY = "1,2";
				TEST_TARGET_NAME = "Finance Tracker";
			};
			name = Debug;
		};
		C0D3B8F42C5E985D00F5D52C /* Release */ = {
			isa = XCBuildConfiguration;
			buildSettings = {
				CODE_SIGN_STYLE = Automatic;
				CURRENT_PROJECT_VERSION = 1;
				DEVELOPMENT_TEAM = PQ82KF7KP4;
				GENERATE_INFOPLIST_FILE = YES;
				MARKETING_VERSION = 1.0;
				PRODUCT_BUNDLE_IDENTIFIER = "com.batuhanberkertekin.Finance-TrackerUITests";
				PRODUCT_NAME = "$(TARGET_NAME)";
				SWIFT_EMIT_LOC_STRINGS = NO;
				SWIFT_VERSION = 5.0;
				TARGETED_DEVICE_FAMILY = "1,2";
				TEST_TARGET_NAME = "Finance Tracker";
			};
			name = Release;
		};
		C0D903262C4ED80B00D9AAE4 /* Debug */ = {
			isa = XCBuildConfiguration;
			buildSettings = {
				ALWAYS_SEARCH_USER_PATHS = NO;
				ASSETCATALOG_COMPILER_GENERATE_SWIFT_ASSET_SYMBOL_EXTENSIONS = YES;
				CLANG_ANALYZER_NONNULL = YES;
				CLANG_ANALYZER_NUMBER_OBJECT_CONVERSION = YES_AGGRESSIVE;
				CLANG_CXX_LANGUAGE_STANDARD = "gnu++20";
				CLANG_ENABLE_MODULES = YES;
				CLANG_ENABLE_OBJC_ARC = YES;
				CLANG_ENABLE_OBJC_WEAK = YES;
				CLANG_WARN_BLOCK_CAPTURE_AUTORELEASING = YES;
				CLANG_WARN_BOOL_CONVERSION = YES;
				CLANG_WARN_COMMA = YES;
				CLANG_WARN_CONSTANT_CONVERSION = YES;
				CLANG_WARN_DEPRECATED_OBJC_IMPLEMENTATIONS = YES;
				CLANG_WARN_DIRECT_OBJC_ISA_USAGE = YES_ERROR;
				CLANG_WARN_DOCUMENTATION_COMMENTS = YES;
				CLANG_WARN_EMPTY_BODY = YES;
				CLANG_WARN_ENUM_CONVERSION = YES;
				CLANG_WARN_INFINITE_RECURSION = YES;
				CLANG_WARN_INT_CONVERSION = YES;
				CLANG_WARN_NON_LITERAL_NULL_CONVERSION = YES;
				CLANG_WARN_OBJC_IMPLICIT_RETAIN_SELF = YES;
				CLANG_WARN_OBJC_LITERAL_CONVERSION = YES;
				CLANG_WARN_OBJC_ROOT_CLASS = YES_ERROR;
				CLANG_WARN_QUOTED_INCLUDE_IN_FRAMEWORK_HEADER = YES;
				CLANG_WARN_RANGE_LOOP_ANALYSIS = YES;
				CLANG_WARN_STRICT_PROTOTYPES = YES;
				CLANG_WARN_SUSPICIOUS_MOVE = YES;
				CLANG_WARN_UNGUARDED_AVAILABILITY = YES_AGGRESSIVE;
				CLANG_WARN_UNREACHABLE_CODE = YES;
				CLANG_WARN__DUPLICATE_METHOD_MATCH = YES;
				COPY_PHASE_STRIP = NO;
				DEBUG_INFORMATION_FORMAT = dwarf;
				ENABLE_STRICT_OBJC_MSGSEND = YES;
				ENABLE_TESTABILITY = YES;
				ENABLE_USER_SCRIPT_SANDBOXING = YES;
				GCC_C_LANGUAGE_STANDARD = gnu17;
				GCC_DYNAMIC_NO_PIC = NO;
				GCC_NO_COMMON_BLOCKS = YES;
				GCC_OPTIMIZATION_LEVEL = 0;
				GCC_PREPROCESSOR_DEFINITIONS = (
					"DEBUG=1",
					"$(inherited)",
				);
				GCC_WARN_64_TO_32_BIT_CONVERSION = YES;
				GCC_WARN_ABOUT_RETURN_TYPE = YES_ERROR;
				GCC_WARN_UNDECLARED_SELECTOR = YES;
				GCC_WARN_UNINITIALIZED_AUTOS = YES_AGGRESSIVE;
				GCC_WARN_UNUSED_FUNCTION = YES;
				GCC_WARN_UNUSED_VARIABLE = YES;
				IPHONEOS_DEPLOYMENT_TARGET = 17.0;
				LOCALIZATION_PREFERS_STRING_CATALOGS = YES;
				MTL_ENABLE_DEBUG_INFO = INCLUDE_SOURCE;
				MTL_FAST_MATH = YES;
				ONLY_ACTIVE_ARCH = YES;
				SDKROOT = iphoneos;
				SWIFT_ACTIVE_COMPILATION_CONDITIONS = "DEBUG $(inherited)";
				SWIFT_OPTIMIZATION_LEVEL = "-Onone";
			};
			name = Debug;
		};
		C0D903272C4ED80B00D9AAE4 /* Release */ = {
			isa = XCBuildConfiguration;
			buildSettings = {
				ALWAYS_SEARCH_USER_PATHS = NO;
				ASSETCATALOG_COMPILER_GENERATE_SWIFT_ASSET_SYMBOL_EXTENSIONS = YES;
				CLANG_ANALYZER_NONNULL = YES;
				CLANG_ANALYZER_NUMBER_OBJECT_CONVERSION = YES_AGGRESSIVE;
				CLANG_CXX_LANGUAGE_STANDARD = "gnu++20";
				CLANG_ENABLE_MODULES = YES;
				CLANG_ENABLE_OBJC_ARC = YES;
				CLANG_ENABLE_OBJC_WEAK = YES;
				CLANG_WARN_BLOCK_CAPTURE_AUTORELEASING = YES;
				CLANG_WARN_BOOL_CONVERSION = YES;
				CLANG_WARN_COMMA = YES;
				CLANG_WARN_CONSTANT_CONVERSION = YES;
				CLANG_WARN_DEPRECATED_OBJC_IMPLEMENTATIONS = YES;
				CLANG_WARN_DIRECT_OBJC_ISA_USAGE = YES_ERROR;
				CLANG_WARN_DOCUMENTATION_COMMENTS = YES;
				CLANG_WARN_EMPTY_BODY = YES;
				CLANG_WARN_ENUM_CONVERSION = YES;
				CLANG_WARN_INFINITE_RECURSION = YES;
				CLANG_WARN_INT_CONVERSION = YES;
				CLANG_WARN_NON_LITERAL_NULL_CONVERSION = YES;
				CLANG_WARN_OBJC_IMPLICIT_RETAIN_SELF = YES;
				CLANG_WARN_OBJC_LITERAL_CONVERSION = YES;
				CLANG_WARN_OBJC_ROOT_CLASS = YES_ERROR;
				CLANG_WARN_QUOTED_INCLUDE_IN_FRAMEWORK_HEADER = YES;
				CLANG_WARN_RANGE_LOOP_ANALYSIS = YES;
				CLANG_WARN_STRICT_PROTOTYPES = YES;
				CLANG_WARN_SUSPICIOUS_MOVE = YES;
				CLANG_WARN_UNGUARDED_AVAILABILITY = YES_AGGRESSIVE;
				CLANG_WARN_UNREACHABLE_CODE = YES;
				CLANG_WARN__DUPLICATE_METHOD_MATCH = YES;
				COPY_PHASE_STRIP = NO;
				DEBUG_INFORMATION_FORMAT = "dwarf-with-dsym";
				ENABLE_NS_ASSERTIONS = NO;
				ENABLE_STRICT_OBJC_MSGSEND = YES;
				ENABLE_USER_SCRIPT_SANDBOXING = YES;
				GCC_C_LANGUAGE_STANDARD = gnu17;
				GCC_NO_COMMON_BLOCKS = YES;
				GCC_WARN_64_TO_32_BIT_CONVERSION = YES;
				GCC_WARN_ABOUT_RETURN_TYPE = YES_ERROR;
				GCC_WARN_UNDECLARED_SELECTOR = YES;
				GCC_WARN_UNINITIALIZED_AUTOS = YES_AGGRESSIVE;
				GCC_WARN_UNUSED_FUNCTION = YES;
				GCC_WARN_UNUSED_VARIABLE = YES;
				IPHONEOS_DEPLOYMENT_TARGET = 17.0;
				LOCALIZATION_PREFERS_STRING_CATALOGS = YES;
				MTL_ENABLE_DEBUG_INFO = NO;
				MTL_FAST_MATH = YES;
				SDKROOT = iphoneos;
				SWIFT_COMPILATION_MODE = wholemodule;
				VALIDATE_PRODUCT = YES;
			};
			name = Release;
		};
		C0D903292C4ED80B00D9AAE4 /* Debug */ = {
			isa = XCBuildConfiguration;
			buildSettings = {
				ALWAYS_EMBED_SWIFT_STANDARD_LIBRARIES = YES;
				ASSETCATALOG_COMPILER_APPICON_NAME = AppIcon;
				ASSETCATALOG_COMPILER_GLOBAL_ACCENT_COLOR_NAME = AccentColor;
				CODE_SIGN_ENTITLEMENTS = "Finance Tracker/Finance Tracker.entitlements";
				CODE_SIGN_STYLE = Automatic;
				CURRENT_PROJECT_VERSION = 1;
				DEVELOPMENT_ASSET_PATHS = "\"Finance Tracker/Preview Content\"";
				DEVELOPMENT_TEAM = PQ82KF7KP4;
				ENABLE_PREVIEWS = YES;
				GENERATE_INFOPLIST_FILE = YES;
				INFOPLIST_FILE = "Finance-Tracker-Info.plist";
				INFOPLIST_KEY_CFBundleDisplayName = "BütçeDostu";
				INFOPLIST_KEY_LSApplicationCategoryType = "public.app-category.productivity";
				INFOPLIST_KEY_NSUserTrackingUsageDescription = "This identifier will be used to deliver personalized ads to you.";
				INFOPLIST_KEY_UIApplicationSceneManifest_Generation = YES;
				INFOPLIST_KEY_UIApplicationSupportsIndirectInputEvents = YES;
				INFOPLIST_KEY_UILaunchScreen_Generation = YES;
				INFOPLIST_KEY_UISupportedInterfaceOrientations_iPad = "UIInterfaceOrientationPortrait UIInterfaceOrientationPortraitUpsideDown UIInterfaceOrientationLandscapeLeft UIInterfaceOrientationLandscapeRight";
				INFOPLIST_KEY_UISupportedInterfaceOrientations_iPhone = "UIInterfaceOrientationPortrait UIInterfaceOrientationLandscapeLeft UIInterfaceOrientationLandscapeRight";
				IPHONEOS_DEPLOYMENT_TARGET = 17.0;
				LD_RUNPATH_SEARCH_PATHS = (
					"$(inherited)",
					"@executable_path/Frameworks",
				);
				MARKETING_VERSION = 1.0;
				PRODUCT_BUNDLE_IDENTIFIER = com.batuhanberkertekin.finansdostubutcedostu;
				PRODUCT_NAME = "$(TARGET_NAME)";
				SUPPORTED_PLATFORMS = "iphoneos iphonesimulator";
				SUPPORTS_MACCATALYST = NO;
				SWIFT_EMIT_LOC_STRINGS = YES;
				SWIFT_VERSION = 5.0;
				TARGETED_DEVICE_FAMILY = "1,2";
			};
			name = Debug;
		};
		C0D9032A2C4ED80B00D9AAE4 /* Release */ = {
			isa = XCBuildConfiguration;
			buildSettings = {
				ALWAYS_EMBED_SWIFT_STANDARD_LIBRARIES = YES;
				ASSETCATALOG_COMPILER_APPICON_NAME = AppIcon;
				ASSETCATALOG_COMPILER_GLOBAL_ACCENT_COLOR_NAME = AccentColor;
				CODE_SIGN_ENTITLEMENTS = "Finance Tracker/Finance Tracker.entitlements";
				CODE_SIGN_STYLE = Automatic;
				CURRENT_PROJECT_VERSION = 1;
				DEVELOPMENT_ASSET_PATHS = "\"Finance Tracker/Preview Content\"";
				DEVELOPMENT_TEAM = PQ82KF7KP4;
				ENABLE_PREVIEWS = YES;
				GENERATE_INFOPLIST_FILE = YES;
				INFOPLIST_FILE = "Finance-Tracker-Info.plist";
				INFOPLIST_KEY_CFBundleDisplayName = "BütçeDostu";
				INFOPLIST_KEY_LSApplicationCategoryType = "public.app-category.productivity";
				INFOPLIST_KEY_NSUserTrackingUsageDescription = "This identifier will be used to deliver personalized ads to you.";
				INFOPLIST_KEY_UIApplicationSceneManifest_Generation = YES;
				INFOPLIST_KEY_UIApplicationSupportsIndirectInputEvents = YES;
				INFOPLIST_KEY_UILaunchScreen_Generation = YES;
				INFOPLIST_KEY_UISupportedInterfaceOrientations_iPad = "UIInterfaceOrientationPortrait UIInterfaceOrientationPortraitUpsideDown UIInterfaceOrientationLandscapeLeft UIInterfaceOrientationLandscapeRight";
				INFOPLIST_KEY_UISupportedInterfaceOrientations_iPhone = "UIInterfaceOrientationPortrait UIInterfaceOrientationLandscapeLeft UIInterfaceOrientationLandscapeRight";
				IPHONEOS_DEPLOYMENT_TARGET = 17.0;
				LD_RUNPATH_SEARCH_PATHS = (
					"$(inherited)",
					"@executable_path/Frameworks",
				);
				MARKETING_VERSION = 1.0;
				PRODUCT_BUNDLE_IDENTIFIER = com.batuhanberkertekin.finansdostubutcedostu;
				PRODUCT_NAME = "$(TARGET_NAME)";
				SUPPORTED_PLATFORMS = "iphoneos iphonesimulator";
				SUPPORTS_MACCATALYST = NO;
				SWIFT_EMIT_LOC_STRINGS = YES;
				SWIFT_VERSION = 5.0;
				TARGETED_DEVICE_FAMILY = "1,2";
			};
			name = Release;
		};
/* End XCBuildConfiguration section */

/* Begin XCConfigurationList section */
		C01383592C5EBA770008341A /* Build configuration list for PBXNativeTarget "Finance TrackerTests" */ = {
			isa = XCConfigurationList;
			buildConfigurations = (
				C01383572C5EBA770008341A /* Debug */,
				C01383582C5EBA770008341A /* Release */,
			);
			defaultConfigurationIsVisible = 0;
			defaultConfigurationName = Release;
		};
		C0D0D9352C7334BC00E28C4D /* Build configuration list for PBXNativeTarget "FinanceWidgetExtension" */ = {
			isa = XCConfigurationList;
			buildConfigurations = (
				C0D0D9332C7334BC00E28C4D /* Debug */,
				C0D0D9342C7334BC00E28C4D /* Release */,
			);
			defaultConfigurationIsVisible = 0;
			defaultConfigurationName = Release;
		};
		C0D3B8F52C5E985D00F5D52C /* Build configuration list for PBXNativeTarget "Finance TrackerUITests" */ = {
			isa = XCConfigurationList;
			buildConfigurations = (
				C0D3B8F32C5E985D00F5D52C /* Debug */,
				C0D3B8F42C5E985D00F5D52C /* Release */,
			);
			defaultConfigurationIsVisible = 0;
			defaultConfigurationName = Release;
		};
		C0D903152C4ED80A00D9AAE4 /* Build configuration list for PBXProject "Finance Tracker" */ = {
			isa = XCConfigurationList;
			buildConfigurations = (
				C0D903262C4ED80B00D9AAE4 /* Debug */,
				C0D903272C4ED80B00D9AAE4 /* Release */,
			);
			defaultConfigurationIsVisible = 0;
			defaultConfigurationName = Release;
		};
		C0D903282C4ED80B00D9AAE4 /* Build configuration list for PBXNativeTarget "Finance Tracker" */ = {
			isa = XCConfigurationList;
			buildConfigurations = (
				C0D903292C4ED80B00D9AAE4 /* Debug */,
				C0D9032A2C4ED80B00D9AAE4 /* Release */,
			);
			defaultConfigurationIsVisible = 0;
			defaultConfigurationName = Release;
		};
/* End XCConfigurationList section */

/* Begin XCRemoteSwiftPackageReference section */
		C009D2AB2C8057BA00549338 /* XCRemoteSwiftPackageReference "Alamofire" */ = {
			isa = XCRemoteSwiftPackageReference;
			repositoryURL = "https://github.com/Alamofire/Alamofire.git";
			requirement = {
				kind = upToNextMajorVersion;
				minimumVersion = 5.9.1;
			};
		};
		C01F66EC2C7492410090ADF3 /* XCRemoteSwiftPackageReference "UIOnboarding" */ = {
			isa = XCRemoteSwiftPackageReference;
			repositoryURL = "https://github.com/lascic/UIOnboarding.git";
			requirement = {
				kind = upToNextMajorVersion;
				minimumVersion = 2.0.3;
			};
		};
		C02BE7402C8C54CF004738B9 /* XCRemoteSwiftPackageReference "generative-ai-swift" */ = {
			isa = XCRemoteSwiftPackageReference;
			repositoryURL = "https://github.com/google-gemini/generative-ai-swift";
			requirement = {
				kind = upToNextMajorVersion;
				minimumVersion = 0.5.6;
			};
		};
		C02F2F2A2C6CB179006D8741 /* XCRemoteSwiftPackageReference "swift-package-manager-google-mobile-ads" */ = {
			isa = XCRemoteSwiftPackageReference;
			repositoryURL = "https://github.com/googleads/swift-package-manager-google-mobile-ads.git";
			requirement = {
				kind = upToNextMajorVersion;
				minimumVersion = 11.8.0;
			};
		};
		C0EBE7402C6BF8C800829ED0 /* XCRemoteSwiftPackageReference "lottie-ios" */ = {
			isa = XCRemoteSwiftPackageReference;
			repositoryURL = "https://github.com/airbnb/lottie-ios.git";
			requirement = {
				kind = upToNextMajorVersion;
				minimumVersion = 4.5.0;
			};
		};
/* End XCRemoteSwiftPackageReference section */

/* Begin XCSwiftPackageProductDependency section */
		C009D2AC2C8057CD00549338 /* Alamofire */ = {
			isa = XCSwiftPackageProductDependency;
			package = C009D2AB2C8057BA00549338 /* XCRemoteSwiftPackageReference "Alamofire" */;
			productName = Alamofire;
		};
		C01F66F22C74930D0090ADF3 /* UIOnboarding */ = {
			isa = XCSwiftPackageProductDependency;
			package = C01F66EC2C7492410090ADF3 /* XCRemoteSwiftPackageReference "UIOnboarding" */;
			productName = UIOnboarding;
		};
		C02BE7412C8C54D6004738B9 /* GoogleGenerativeAI */ = {
			isa = XCSwiftPackageProductDependency;
			package = C02BE7402C8C54CF004738B9 /* XCRemoteSwiftPackageReference "generative-ai-swift" */;
			productName = GoogleGenerativeAI;
		};
		C02F2F2B2C6CB4F2006D8741 /* GoogleMobileAds */ = {
			isa = XCSwiftPackageProductDependency;
			package = C02F2F2A2C6CB179006D8741 /* XCRemoteSwiftPackageReference "swift-package-manager-google-mobile-ads" */;
			productName = GoogleMobileAds;
		};
		C0EBE7432C6BF93200829ED0 /* Lottie */ = {
			isa = XCSwiftPackageProductDependency;
			package = C0EBE7402C6BF8C800829ED0 /* XCRemoteSwiftPackageReference "lottie-ios" */;
			productName = Lottie;
		};
/* End XCSwiftPackageProductDependency section */
	};
	rootObject = C0D903122C4ED80A00D9AAE4 /* Project object */;
}
